// !$*UTF8*$!
{
	archiveVersion = 1;
	classes = {
	};
	objectVersion = 46;
	objects = {

/* Begin PBXBuildFile section */
		C2C08F551B6AFD5200930A4F /* RequestTool_v2.m in Sources */ = {isa = PBXBuildFile; fileRef = C2C08F541B6AFD5200930A4F /* RequestTool_v2.m */; };
		C2C08F581B6B047E00930A4F /* RadioTableViewController.m in Sources */ = {isa = PBXBuildFile; fileRef = C2C08F571B6B047E00930A4F /* RadioTableViewController.m */; };
		C2C08F611B6B04CF00930A4F /* Radio.m in Sources */ = {isa = PBXBuildFile; fileRef = C2C08F5B1B6B04CF00930A4F /* Radio.m */; };
		C2C08F621B6B04CF00930A4F /* RadioProvince.m in Sources */ = {isa = PBXBuildFile; fileRef = C2C08F5E1B6B04CF00930A4F /* RadioProvince.m */; };
		C2C08F631B6B04CF00930A4F /* RadioProvinceTableViewController.m in Sources */ = {isa = PBXBuildFile; fileRef = C2C08F601B6B04CF00930A4F /* RadioProvinceTableViewController.m */; };
		C2C08F691B6B207F00930A4F /* AlbumModel.m in Sources */ = {isa = PBXBuildFile; fileRef = C2C08F681B6B207F00930A4F /* AlbumModel.m */; };
		C2C08F701B6B227400930A4F /* AudioModel.m in Sources */ = {isa = PBXBuildFile; fileRef = C2C08F6F1B6B227400930A4F /* AudioModel.m */; };
		C2C08F721B6B24BD00930A4F /* placeholder.png in Resources */ = {isa = PBXBuildFile; fileRef = C2C08F711B6B24BD00930A4F /* placeholder.png */; };
		C2C08F761B6B28D100930A4F /* AudioCategory.m in Sources */ = {isa = PBXBuildFile; fileRef = C2C08F751B6B28D100930A4F /* AudioCategory.m */; };
		C2C08FA41B6B574E00930A4F /* MJRefreshAutoFooter.m in Sources */ = {isa = PBXBuildFile; fileRef = C2C08F7A1B6B574E00930A4F /* MJRefreshAutoFooter.m */; };
		C2C08FA51B6B574E00930A4F /* MJRefreshBackFooter.m in Sources */ = {isa = PBXBuildFile; fileRef = C2C08F7C1B6B574E00930A4F /* MJRefreshBackFooter.m */; };
		C2C08FA61B6B574E00930A4F /* MJRefreshComponent.m in Sources */ = {isa = PBXBuildFile; fileRef = C2C08F7E1B6B574E00930A4F /* MJRefreshComponent.m */; };
		C2C08FA71B6B574E00930A4F /* MJRefreshFooter.m in Sources */ = {isa = PBXBuildFile; fileRef = C2C08F801B6B574E00930A4F /* MJRefreshFooter.m */; };
		C2C08FA81B6B574E00930A4F /* MJRefreshHeader.m in Sources */ = {isa = PBXBuildFile; fileRef = C2C08F821B6B574E00930A4F /* MJRefreshHeader.m */; };
		C2C08FA91B6B574E00930A4F /* MJRefreshAutoGifFooter.m in Sources */ = {isa = PBXBuildFile; fileRef = C2C08F871B6B574E00930A4F /* MJRefreshAutoGifFooter.m */; };
		C2C08FAA1B6B574E00930A4F /* MJRefreshAutoNormalFooter.m in Sources */ = {isa = PBXBuildFile; fileRef = C2C08F891B6B574E00930A4F /* MJRefreshAutoNormalFooter.m */; };
		C2C08FAB1B6B574E00930A4F /* MJRefreshAutoStateFooter.m in Sources */ = {isa = PBXBuildFile; fileRef = C2C08F8B1B6B574E00930A4F /* MJRefreshAutoStateFooter.m */; };
		C2C08FAC1B6B574E00930A4F /* MJRefreshBackGifFooter.m in Sources */ = {isa = PBXBuildFile; fileRef = C2C08F8E1B6B574E00930A4F /* MJRefreshBackGifFooter.m */; };
		C2C08FAD1B6B574E00930A4F /* MJRefreshBackNormalFooter.m in Sources */ = {isa = PBXBuildFile; fileRef = C2C08F901B6B574E00930A4F /* MJRefreshBackNormalFooter.m */; };
		C2C08FAE1B6B574E00930A4F /* MJRefreshBackStateFooter.m in Sources */ = {isa = PBXBuildFile; fileRef = C2C08F921B6B574E00930A4F /* MJRefreshBackStateFooter.m */; };
		C2C08FAF1B6B574E00930A4F /* MJRefreshGifHeader.m in Sources */ = {isa = PBXBuildFile; fileRef = C2C08F951B6B574E00930A4F /* MJRefreshGifHeader.m */; };
		C2C08FB01B6B574E00930A4F /* MJRefreshNormalHeader.m in Sources */ = {isa = PBXBuildFile; fileRef = C2C08F971B6B574E00930A4F /* MJRefreshNormalHeader.m */; };
		C2C08FB11B6B574E00930A4F /* MJRefreshStateHeader.m in Sources */ = {isa = PBXBuildFile; fileRef = C2C08F991B6B574E00930A4F /* MJRefreshStateHeader.m */; };
		C2C08FB21B6B574E00930A4F /* MJRefresh.bundle in Resources */ = {isa = PBXBuildFile; fileRef = C2C08F9A1B6B574E00930A4F /* MJRefresh.bundle */; };
		C2C08FB31B6B574E00930A4F /* MJRefreshConst.m in Sources */ = {isa = PBXBuildFile; fileRef = C2C08F9D1B6B574E00930A4F /* MJRefreshConst.m */; };
		C2C08FB41B6B574E00930A4F /* UIScrollView+MJExtension.m in Sources */ = {isa = PBXBuildFile; fileRef = C2C08F9F1B6B574E00930A4F /* UIScrollView+MJExtension.m */; };
		C2C08FB51B6B574E00930A4F /* UIScrollView+MJRefresh.m in Sources */ = {isa = PBXBuildFile; fileRef = C2C08FA11B6B574E00930A4F /* UIScrollView+MJRefresh.m */; };
		C2C08FB61B6B574E00930A4F /* UIView+MJExtension.m in Sources */ = {isa = PBXBuildFile; fileRef = C2C08FA31B6B574E00930A4F /* UIView+MJExtension.m */; };
		C2C11FA11B685E9E00CBA7B5 /* FoxSettingsTableViewController.m in Sources */ = {isa = PBXBuildFile; fileRef = C2C11F951B685E9E00CBA7B5 /* FoxSettingsTableViewController.m */; };
		C2C11FA31B685E9E00CBA7B5 /* FoxCollectionTableViewController.m in Sources */ = {isa = PBXBuildFile; fileRef = C2C11F9A1B685E9E00CBA7B5 /* FoxCollectionTableViewController.m */; };
		C2C11FA41B685E9E00CBA7B5 /* FoxPlayTableViewController.m in Sources */ = {isa = PBXBuildFile; fileRef = C2C11F9C1B685E9E00CBA7B5 /* FoxPlayTableViewController.m */; };
		C2C11FA51B685E9E00CBA7B5 /* SettingTableViewController.m in Sources */ = {isa = PBXBuildFile; fileRef = C2C11F9E1B685E9E00CBA7B5 /* SettingTableViewController.m */; };
		C2C11FA61B685E9E00CBA7B5 /* UserTableViewCell.m in Sources */ = {isa = PBXBuildFile; fileRef = C2C11FA01B685E9E00CBA7B5 /* UserTableViewCell.m */; };
		C2C11FB01B68647900CBA7B5 /* FoxCollectionTableViewCell.m in Sources */ = {isa = PBXBuildFile; fileRef = C2C11FAF1B68647900CBA7B5 /* FoxCollectionTableViewCell.m */; };
		C2C11FEA1B68D07400CBA7B5 /* AVFoundation.framework in Frameworks */ = {isa = PBXBuildFile; fileRef = C2C11FE91B68D07400CBA7B5 /* AVFoundation.framework */; };
		C2C11FF11B69015100CBA7B5 /* testDemo.aac in Resources */ = {isa = PBXBuildFile; fileRef = C2C11FF01B69015100CBA7B5 /* testDemo.aac */; };
		C2C4DF8D1B66470C004690C3 /* main.m in Sources */ = {isa = PBXBuildFile; fileRef = C2C4DF8C1B66470C004690C3 /* main.m */; };
		C2C4DF901B66470C004690C3 /* AppDelegate.m in Sources */ = {isa = PBXBuildFile; fileRef = C2C4DF8F1B66470C004690C3 /* AppDelegate.m */; };
		C2C4DF921B66470C004690C3 /* Images.xcassets in Resources */ = {isa = PBXBuildFile; fileRef = C2C4DF911B66470C004690C3 /* Images.xcassets */; };
		C2C4DF951B66470C004690C3 /* LaunchScreen.xib in Resources */ = {isa = PBXBuildFile; fileRef = C2C4DF931B66470C004690C3 /* LaunchScreen.xib */; };
		C2C4DFA11B66470C004690C3 /* AudioShareTests.m in Sources */ = {isa = PBXBuildFile; fileRef = C2C4DFA01B66470C004690C3 /* AudioShareTests.m */; };
		C2C4DFB31B6647FD004690C3 /* RootTabBarController.m in Sources */ = {isa = PBXBuildFile; fileRef = C2C4DFB21B6647FD004690C3 /* RootTabBarController.m */; };
		C2C4DFC51B6648D3004690C3 /* AudioBookCategoryCollectionViewCell.m in Sources */ = {isa = PBXBuildFile; fileRef = C2C4DFB71B6648D3004690C3 /* AudioBookCategoryCollectionViewCell.m */; };
		C2C4DFC61B6648D3004690C3 /* AudioBookCategoryCollectionViewController.m in Sources */ = {isa = PBXBuildFile; fileRef = C2C4DFB91B6648D3004690C3 /* AudioBookCategoryCollectionViewController.m */; };
		C2C4DFC91B6648D3004690C3 /* main_play@2x.png in Resources */ = {isa = PBXBuildFile; fileRef = C2C4DFC11B6648D3004690C3 /* main_play@2x.png */; };
		C2C4DFCB1B664E14004690C3 /* back@2x.png in Resources */ = {isa = PBXBuildFile; fileRef = C2C4DFCA1B664E14004690C3 /* back@2x.png */; };
		C2C4DFEF1B66553E004690C3 /* MKAnnotationView+WebCache.m in Sources */ = {isa = PBXBuildFile; fileRef = C2C4DFCF1B66553E004690C3 /* MKAnnotationView+WebCache.m */; };
		C2C4DFF01B66553E004690C3 /* NSData+ImageContentType.m in Sources */ = {isa = PBXBuildFile; fileRef = C2C4DFD11B66553E004690C3 /* NSData+ImageContentType.m */; };
		C2C4DFF11B66553E004690C3 /* SDImageCache.m in Sources */ = {isa = PBXBuildFile; fileRef = C2C4DFD31B66553E004690C3 /* SDImageCache.m */; };
		C2C4DFF21B66553E004690C3 /* SDWebImageCompat.m in Sources */ = {isa = PBXBuildFile; fileRef = C2C4DFD51B66553E004690C3 /* SDWebImageCompat.m */; };
		C2C4DFF31B66553E004690C3 /* SDWebImageDecoder.m in Sources */ = {isa = PBXBuildFile; fileRef = C2C4DFD71B66553E004690C3 /* SDWebImageDecoder.m */; };
		C2C4DFF41B66553E004690C3 /* SDWebImageDownloader.m in Sources */ = {isa = PBXBuildFile; fileRef = C2C4DFD91B66553E004690C3 /* SDWebImageDownloader.m */; };
		C2C4DFF51B66553E004690C3 /* SDWebImageDownloaderOperation.m in Sources */ = {isa = PBXBuildFile; fileRef = C2C4DFDB1B66553E004690C3 /* SDWebImageDownloaderOperation.m */; };
		C2C4DFF61B66553E004690C3 /* SDWebImageManager.m in Sources */ = {isa = PBXBuildFile; fileRef = C2C4DFDD1B66553E004690C3 /* SDWebImageManager.m */; };
		C2C4DFF71B66553E004690C3 /* SDWebImagePrefetcher.m in Sources */ = {isa = PBXBuildFile; fileRef = C2C4DFE01B66553E004690C3 /* SDWebImagePrefetcher.m */; };
		C2C4DFF81B66553E004690C3 /* UIButton+WebCache.m in Sources */ = {isa = PBXBuildFile; fileRef = C2C4DFE21B66553E004690C3 /* UIButton+WebCache.m */; };
		C2C4DFF91B66553E004690C3 /* UIImage+GIF.m in Sources */ = {isa = PBXBuildFile; fileRef = C2C4DFE41B66553E004690C3 /* UIImage+GIF.m */; };
		C2C4DFFA1B66553E004690C3 /* UIImage+MultiFormat.m in Sources */ = {isa = PBXBuildFile; fileRef = C2C4DFE61B66553E004690C3 /* UIImage+MultiFormat.m */; };
		C2C4DFFB1B66553E004690C3 /* UIImage+WebP.m in Sources */ = {isa = PBXBuildFile; fileRef = C2C4DFE81B66553E004690C3 /* UIImage+WebP.m */; };
		C2C4DFFC1B66553E004690C3 /* UIImageView+HighlightedWebCache.m in Sources */ = {isa = PBXBuildFile; fileRef = C2C4DFEA1B66553E004690C3 /* UIImageView+HighlightedWebCache.m */; };
		C2C4DFFD1B66553E004690C3 /* UIImageView+WebCache.m in Sources */ = {isa = PBXBuildFile; fileRef = C2C4DFEC1B66553E004690C3 /* UIImageView+WebCache.m */; };
		C2C4DFFE1B66553E004690C3 /* UIView+WebCacheOperation.m in Sources */ = {isa = PBXBuildFile; fileRef = C2C4DFEE1B66553E004690C3 /* UIView+WebCacheOperation.m */; };
		C2C4E0041B665C03004690C3 /* SuggestionCollectionViewCell.m in Sources */ = {isa = PBXBuildFile; fileRef = C2C4E0031B665C03004690C3 /* SuggestionCollectionViewCell.m */; };
		C2C4E0071B665C20004690C3 /* SuggestionCollectionViewController.m in Sources */ = {isa = PBXBuildFile; fileRef = C2C4E0061B665C20004690C3 /* SuggestionCollectionViewController.m */; };
		C2C4E00B1B666E3A004690C3 /* SubListViewController.m in Sources */ = {isa = PBXBuildFile; fileRef = C2C4E00A1B666E3A004690C3 /* SubListViewController.m */; };
		C2C725F11B69B307005E671F /* SpecialItem.m in Sources */ = {isa = PBXBuildFile; fileRef = C2C725F01B69B307005E671F /* SpecialItem.m */; };
		C2C725F91B69D088005E671F /* TracksListTableViewController.m in Sources */ = {isa = PBXBuildFile; fileRef = C2C725F81B69D088005E671F /* TracksListTableViewController.m */; };
		C2C725FC1B69D13D005E671F /* TracksListTableViewCell.m in Sources */ = {isa = PBXBuildFile; fileRef = C2C725FB1B69D13D005E671F /* TracksListTableViewCell.m */; };
		C2CCA80D1B670B1500B62775 /* HeaderCollectionReusableView.m in Sources */ = {isa = PBXBuildFile; fileRef = C2CCA80C1B670B1500B62775 /* HeaderCollectionReusableView.m */; };
		C2CCA8131B67121300B62775 /* PlayerViewController.m in Sources */ = {isa = PBXBuildFile; fileRef = C2CCA8111B67121300B62775 /* PlayerViewController.m */; };
		C2CCA8141B67121300B62775 /* PlayerViewController.xib in Resources */ = {isa = PBXBuildFile; fileRef = C2CCA8121B67121300B62775 /* PlayerViewController.xib */; };
		C2CCA8201B6725E700B62775 /* btn_next@2x.png in Resources */ = {isa = PBXBuildFile; fileRef = C2CCA8181B6725E700B62775 /* btn_next@2x.png */; };
		C2CCA8261B6725E700B62775 /* btn_pre@2x.png in Resources */ = {isa = PBXBuildFile; fileRef = C2CCA81E1B6725E700B62775 /* btn_pre@2x.png */; };
		C2CCA8281B672B4800B62775 /* play_btn.jpg in Resources */ = {isa = PBXBuildFile; fileRef = C2CCA8271B672B4800B62775 /* play_btn.jpg */; };
		C2CCA82A1B672CD700B62775 /* pause_btn.jpg in Resources */ = {isa = PBXBuildFile; fileRef = C2CCA8291B672CD700B62775 /* pause_btn.jpg */; };
		C2CCA83B1B675CC000B62775 /* RadioFoxView.m in Sources */ = {isa = PBXBuildFile; fileRef = C2CCA8331B675CC000B62775 /* RadioFoxView.m */; };
		C2CCA83C1B675CC000B62775 /* RadioTableViewCell.m in Sources */ = {isa = PBXBuildFile; fileRef = C2CCA8361B675CC000B62775 /* RadioTableViewCell.m */; };
		C2CCA8431B676D6C00B62775 /* AudioTableViewCell.m in Sources */ = {isa = PBXBuildFile; fileRef = C2CCA8401B676D6C00B62775 /* AudioTableViewCell.m */; };
		C2CCA8441B676D6C00B62775 /* AudioTableViewController.m in Sources */ = {isa = PBXBuildFile; fileRef = C2CCA8421B676D6C00B62775 /* AudioTableViewController.m */; };
		C2CCA84D1B676D8700B62775 /* AlbumTableViewCell.m in Sources */ = {isa = PBXBuildFile; fileRef = C2CCA8461B676D8700B62775 /* AlbumTableViewCell.m */; };
		C2CCA84E1B676D8700B62775 /* AlbumTableViewController.m in Sources */ = {isa = PBXBuildFile; fileRef = C2CCA8481B676D8700B62775 /* AlbumTableViewController.m */; };
		C2CCA84F1B676D8700B62775 /* AlbumView.m in Sources */ = {isa = PBXBuildFile; fileRef = C2CCA84A1B676D8700B62775 /* AlbumView.m */; };
		C2CCA8551B676D9800B62775 /* SearchTableViewController.m in Sources */ = {isa = PBXBuildFile; fileRef = C2CCA8521B676D9800B62775 /* SearchTableViewController.m */; };
		C2CCA8561B676D9800B62775 /* SearchViewController.m in Sources */ = {isa = PBXBuildFile; fileRef = C2CCA8541B676D9800B62775 /* SearchViewController.m */; };
		C2CCA8591B677AC300B62775 /* DownloadViewController.m in Sources */ = {isa = PBXBuildFile; fileRef = C2CCA8581B677AC300B62775 /* DownloadViewController.m */; };
		C2CCA85C1B677E3000B62775 /* DownloadView.m in Sources */ = {isa = PBXBuildFile; fileRef = C2CCA85B1B677E3000B62775 /* DownloadView.m */; };
		C2CCA8611B67871B00B62775 /* DownloadedTracksCell.m in Sources */ = {isa = PBXBuildFile; fileRef = C2CCA8601B67871B00B62775 /* DownloadedTracksCell.m */; };
		C2CCA8641B67875A00B62775 /* DownloadedTrackViewController.m in Sources */ = {isa = PBXBuildFile; fileRef = C2CCA8631B67875A00B62775 /* DownloadedTrackViewController.m */; };
		C2CCA8681B67885000B62775 /* DownloadedAlbumCell.m in Sources */ = {isa = PBXBuildFile; fileRef = C2CCA8671B67885000B62775 /* DownloadedAlbumCell.m */; };
		C2CCA8701B67A2A500B62775 /* DownloadingTableViewCell.m in Sources */ = {isa = PBXBuildFile; fileRef = C2CCA86E1B67A2A500B62775 /* DownloadingTableViewCell.m */; };
		C2CCA8711B67A2A500B62775 /* DownloadingTableViewCell.xib in Resources */ = {isa = PBXBuildFile; fileRef = C2CCA86F1B67A2A500B62775 /* DownloadingTableViewCell.xib */; };
		CD78E2802ADEB115BE22A4AA /* libPods.a in Frameworks */ = {isa = PBXBuildFile; fileRef = F2398153ACA485CBB3B52F4C /* libPods.a */; };
/* End PBXBuildFile section */

/* Begin PBXContainerItemProxy section */
		C2C4DF9B1B66470C004690C3 /* PBXContainerItemProxy */ = {
			isa = PBXContainerItemProxy;
			containerPortal = C2C4DF7F1B66470C004690C3 /* Project object */;
			proxyType = 1;
			remoteGlobalIDString = C2C4DF861B66470C004690C3;
			remoteInfo = AudioShare;
		};
/* End PBXContainerItemProxy section */

/* Begin PBXFileReference section */
		1E4E816DCCC72B128588F1C9 /* Pods.release.xcconfig */ = {isa = PBXFileReference; includeInIndex = 1; lastKnownFileType = text.xcconfig; name = Pods.release.xcconfig; path = "Pods/Target Support Files/Pods/Pods.release.xcconfig"; sourceTree = "<group>"; };
		C2C08F531B6AFD5200930A4F /* RequestTool_v2.h */ = {isa = PBXFileReference; fileEncoding = 4; lastKnownFileType = sourcecode.c.h; path = RequestTool_v2.h; sourceTree = "<group>"; };
		C2C08F541B6AFD5200930A4F /* RequestTool_v2.m */ = {isa = PBXFileReference; fileEncoding = 4; lastKnownFileType = sourcecode.c.objc; path = RequestTool_v2.m; sourceTree = "<group>"; };
		C2C08F561B6B047E00930A4F /* RadioTableViewController.h */ = {isa = PBXFileReference; fileEncoding = 4; lastKnownFileType = sourcecode.c.h; path = RadioTableViewController.h; sourceTree = "<group>"; };
		C2C08F571B6B047E00930A4F /* RadioTableViewController.m */ = {isa = PBXFileReference; fileEncoding = 4; lastKnownFileType = sourcecode.c.objc; path = RadioTableViewController.m; sourceTree = "<group>"; };
		C2C08F5A1B6B04CF00930A4F /* Radio.h */ = {isa = PBXFileReference; fileEncoding = 4; lastKnownFileType = sourcecode.c.h; path = Radio.h; sourceTree = "<group>"; };
		C2C08F5B1B6B04CF00930A4F /* Radio.m */ = {isa = PBXFileReference; fileEncoding = 4; lastKnownFileType = sourcecode.c.objc; path = Radio.m; sourceTree = "<group>"; };
		C2C08F5D1B6B04CF00930A4F /* RadioProvince.h */ = {isa = PBXFileReference; fileEncoding = 4; lastKnownFileType = sourcecode.c.h; path = RadioProvince.h; sourceTree = "<group>"; };
		C2C08F5E1B6B04CF00930A4F /* RadioProvince.m */ = {isa = PBXFileReference; fileEncoding = 4; lastKnownFileType = sourcecode.c.objc; path = RadioProvince.m; sourceTree = "<group>"; };
		C2C08F5F1B6B04CF00930A4F /* RadioProvinceTableViewController.h */ = {isa = PBXFileReference; fileEncoding = 4; lastKnownFileType = sourcecode.c.h; path = RadioProvinceTableViewController.h; sourceTree = "<group>"; };
		C2C08F601B6B04CF00930A4F /* RadioProvinceTableViewController.m */ = {isa = PBXFileReference; fileEncoding = 4; lastKnownFileType = sourcecode.c.objc; path = RadioProvinceTableViewController.m; sourceTree = "<group>"; };
		C2C08F651B6B060800930A4F /* RadioHeader.h */ = {isa = PBXFileReference; fileEncoding = 4; lastKnownFileType = sourcecode.c.h; path = RadioHeader.h; sourceTree = "<group>"; };
		C2C08F671B6B207F00930A4F /* AlbumModel.h */ = {isa = PBXFileReference; fileEncoding = 4; lastKnownFileType = sourcecode.c.h; path = AlbumModel.h; sourceTree = "<group>"; };
		C2C08F681B6B207F00930A4F /* AlbumModel.m */ = {isa = PBXFileReference; fileEncoding = 4; lastKnownFileType = sourcecode.c.objc; path = AlbumModel.m; sourceTree = "<group>"; };
		C2C08F6E1B6B227400930A4F /* AudioModel.h */ = {isa = PBXFileReference; fileEncoding = 4; lastKnownFileType = sourcecode.c.h; path = AudioModel.h; sourceTree = "<group>"; };
		C2C08F6F1B6B227400930A4F /* AudioModel.m */ = {isa = PBXFileReference; fileEncoding = 4; lastKnownFileType = sourcecode.c.objc; path = AudioModel.m; sourceTree = "<group>"; };
		C2C08F711B6B24BD00930A4F /* placeholder.png */ = {isa = PBXFileReference; lastKnownFileType = image.png; path = placeholder.png; sourceTree = "<group>"; };
		C2C08F741B6B28D100930A4F /* AudioCategory.h */ = {isa = PBXFileReference; fileEncoding = 4; lastKnownFileType = sourcecode.c.h; path = AudioCategory.h; sourceTree = "<group>"; };
		C2C08F751B6B28D100930A4F /* AudioCategory.m */ = {isa = PBXFileReference; fileEncoding = 4; lastKnownFileType = sourcecode.c.objc; path = AudioCategory.m; sourceTree = "<group>"; };
		C2C08F791B6B574E00930A4F /* MJRefreshAutoFooter.h */ = {isa = PBXFileReference; fileEncoding = 4; lastKnownFileType = sourcecode.c.h; path = MJRefreshAutoFooter.h; sourceTree = "<group>"; };
		C2C08F7A1B6B574E00930A4F /* MJRefreshAutoFooter.m */ = {isa = PBXFileReference; fileEncoding = 4; lastKnownFileType = sourcecode.c.objc; path = MJRefreshAutoFooter.m; sourceTree = "<group>"; };
		C2C08F7B1B6B574E00930A4F /* MJRefreshBackFooter.h */ = {isa = PBXFileReference; fileEncoding = 4; lastKnownFileType = sourcecode.c.h; path = MJRefreshBackFooter.h; sourceTree = "<group>"; };
		C2C08F7C1B6B574E00930A4F /* MJRefreshBackFooter.m */ = {isa = PBXFileReference; fileEncoding = 4; lastKnownFileType = sourcecode.c.objc; path = MJRefreshBackFooter.m; sourceTree = "<group>"; };
		C2C08F7D1B6B574E00930A4F /* MJRefreshComponent.h */ = {isa = PBXFileReference; fileEncoding = 4; lastKnownFileType = sourcecode.c.h; path = MJRefreshComponent.h; sourceTree = "<group>"; };
		C2C08F7E1B6B574E00930A4F /* MJRefreshComponent.m */ = {isa = PBXFileReference; fileEncoding = 4; lastKnownFileType = sourcecode.c.objc; path = MJRefreshComponent.m; sourceTree = "<group>"; };
		C2C08F7F1B6B574E00930A4F /* MJRefreshFooter.h */ = {isa = PBXFileReference; fileEncoding = 4; lastKnownFileType = sourcecode.c.h; path = MJRefreshFooter.h; sourceTree = "<group>"; };
		C2C08F801B6B574E00930A4F /* MJRefreshFooter.m */ = {isa = PBXFileReference; fileEncoding = 4; lastKnownFileType = sourcecode.c.objc; path = MJRefreshFooter.m; sourceTree = "<group>"; };
		C2C08F811B6B574E00930A4F /* MJRefreshHeader.h */ = {isa = PBXFileReference; fileEncoding = 4; lastKnownFileType = sourcecode.c.h; path = MJRefreshHeader.h; sourceTree = "<group>"; };
		C2C08F821B6B574E00930A4F /* MJRefreshHeader.m */ = {isa = PBXFileReference; fileEncoding = 4; lastKnownFileType = sourcecode.c.objc; path = MJRefreshHeader.m; sourceTree = "<group>"; };
		C2C08F861B6B574E00930A4F /* MJRefreshAutoGifFooter.h */ = {isa = PBXFileReference; fileEncoding = 4; lastKnownFileType = sourcecode.c.h; path = MJRefreshAutoGifFooter.h; sourceTree = "<group>"; };
		C2C08F871B6B574E00930A4F /* MJRefreshAutoGifFooter.m */ = {isa = PBXFileReference; fileEncoding = 4; lastKnownFileType = sourcecode.c.objc; path = MJRefreshAutoGifFooter.m; sourceTree = "<group>"; };
		C2C08F881B6B574E00930A4F /* MJRefreshAutoNormalFooter.h */ = {isa = PBXFileReference; fileEncoding = 4; lastKnownFileType = sourcecode.c.h; path = MJRefreshAutoNormalFooter.h; sourceTree = "<group>"; };
		C2C08F891B6B574E00930A4F /* MJRefreshAutoNormalFooter.m */ = {isa = PBXFileReference; fileEncoding = 4; lastKnownFileType = sourcecode.c.objc; path = MJRefreshAutoNormalFooter.m; sourceTree = "<group>"; };
		C2C08F8A1B6B574E00930A4F /* MJRefreshAutoStateFooter.h */ = {isa = PBXFileReference; fileEncoding = 4; lastKnownFileType = sourcecode.c.h; path = MJRefreshAutoStateFooter.h; sourceTree = "<group>"; };
		C2C08F8B1B6B574E00930A4F /* MJRefreshAutoStateFooter.m */ = {isa = PBXFileReference; fileEncoding = 4; lastKnownFileType = sourcecode.c.objc; path = MJRefreshAutoStateFooter.m; sourceTree = "<group>"; };
		C2C08F8D1B6B574E00930A4F /* MJRefreshBackGifFooter.h */ = {isa = PBXFileReference; fileEncoding = 4; lastKnownFileType = sourcecode.c.h; path = MJRefreshBackGifFooter.h; sourceTree = "<group>"; };
		C2C08F8E1B6B574E00930A4F /* MJRefreshBackGifFooter.m */ = {isa = PBXFileReference; fileEncoding = 4; lastKnownFileType = sourcecode.c.objc; path = MJRefreshBackGifFooter.m; sourceTree = "<group>"; };
		C2C08F8F1B6B574E00930A4F /* MJRefreshBackNormalFooter.h */ = {isa = PBXFileReference; fileEncoding = 4; lastKnownFileType = sourcecode.c.h; path = MJRefreshBackNormalFooter.h; sourceTree = "<group>"; };
		C2C08F901B6B574E00930A4F /* MJRefreshBackNormalFooter.m */ = {isa = PBXFileReference; fileEncoding = 4; lastKnownFileType = sourcecode.c.objc; path = MJRefreshBackNormalFooter.m; sourceTree = "<group>"; };
		C2C08F911B6B574E00930A4F /* MJRefreshBackStateFooter.h */ = {isa = PBXFileReference; fileEncoding = 4; lastKnownFileType = sourcecode.c.h; path = MJRefreshBackStateFooter.h; sourceTree = "<group>"; };
		C2C08F921B6B574E00930A4F /* MJRefreshBackStateFooter.m */ = {isa = PBXFileReference; fileEncoding = 4; lastKnownFileType = sourcecode.c.objc; path = MJRefreshBackStateFooter.m; sourceTree = "<group>"; };
		C2C08F941B6B574E00930A4F /* MJRefreshGifHeader.h */ = {isa = PBXFileReference; fileEncoding = 4; lastKnownFileType = sourcecode.c.h; path = MJRefreshGifHeader.h; sourceTree = "<group>"; };
		C2C08F951B6B574E00930A4F /* MJRefreshGifHeader.m */ = {isa = PBXFileReference; fileEncoding = 4; lastKnownFileType = sourcecode.c.objc; path = MJRefreshGifHeader.m; sourceTree = "<group>"; };
		C2C08F961B6B574E00930A4F /* MJRefreshNormalHeader.h */ = {isa = PBXFileReference; fileEncoding = 4; lastKnownFileType = sourcecode.c.h; path = MJRefreshNormalHeader.h; sourceTree = "<group>"; };
		C2C08F971B6B574E00930A4F /* MJRefreshNormalHeader.m */ = {isa = PBXFileReference; fileEncoding = 4; lastKnownFileType = sourcecode.c.objc; path = MJRefreshNormalHeader.m; sourceTree = "<group>"; };
		C2C08F981B6B574E00930A4F /* MJRefreshStateHeader.h */ = {isa = PBXFileReference; fileEncoding = 4; lastKnownFileType = sourcecode.c.h; path = MJRefreshStateHeader.h; sourceTree = "<group>"; };
		C2C08F991B6B574E00930A4F /* MJRefreshStateHeader.m */ = {isa = PBXFileReference; fileEncoding = 4; lastKnownFileType = sourcecode.c.objc; path = MJRefreshStateHeader.m; sourceTree = "<group>"; };
		C2C08F9A1B6B574E00930A4F /* MJRefresh.bundle */ = {isa = PBXFileReference; lastKnownFileType = "wrapper.plug-in"; path = MJRefresh.bundle; sourceTree = "<group>"; };
		C2C08F9B1B6B574E00930A4F /* MJRefresh.h */ = {isa = PBXFileReference; fileEncoding = 4; lastKnownFileType = sourcecode.c.h; path = MJRefresh.h; sourceTree = "<group>"; };
		C2C08F9C1B6B574E00930A4F /* MJRefreshConst.h */ = {isa = PBXFileReference; fileEncoding = 4; lastKnownFileType = sourcecode.c.h; path = MJRefreshConst.h; sourceTree = "<group>"; };
		C2C08F9D1B6B574E00930A4F /* MJRefreshConst.m */ = {isa = PBXFileReference; fileEncoding = 4; lastKnownFileType = sourcecode.c.objc; path = MJRefreshConst.m; sourceTree = "<group>"; };
		C2C08F9E1B6B574E00930A4F /* UIScrollView+MJExtension.h */ = {isa = PBXFileReference; fileEncoding = 4; lastKnownFileType = sourcecode.c.h; path = "UIScrollView+MJExtension.h"; sourceTree = "<group>"; };
		C2C08F9F1B6B574E00930A4F /* UIScrollView+MJExtension.m */ = {isa = PBXFileReference; fileEncoding = 4; lastKnownFileType = sourcecode.c.objc; path = "UIScrollView+MJExtension.m"; sourceTree = "<group>"; };
		C2C08FA01B6B574E00930A4F /* UIScrollView+MJRefresh.h */ = {isa = PBXFileReference; fileEncoding = 4; lastKnownFileType = sourcecode.c.h; path = "UIScrollView+MJRefresh.h"; sourceTree = "<group>"; };
		C2C08FA11B6B574E00930A4F /* UIScrollView+MJRefresh.m */ = {isa = PBXFileReference; fileEncoding = 4; lastKnownFileType = sourcecode.c.objc; path = "UIScrollView+MJRefresh.m"; sourceTree = "<group>"; };
		C2C08FA21B6B574E00930A4F /* UIView+MJExtension.h */ = {isa = PBXFileReference; fileEncoding = 4; lastKnownFileType = sourcecode.c.h; path = "UIView+MJExtension.h"; sourceTree = "<group>"; };
		C2C08FA31B6B574E00930A4F /* UIView+MJExtension.m */ = {isa = PBXFileReference; fileEncoding = 4; lastKnownFileType = sourcecode.c.objc; path = "UIView+MJExtension.m"; sourceTree = "<group>"; };
		C2C11F941B685E9E00CBA7B5 /* FoxSettingsTableViewController.h */ = {isa = PBXFileReference; fileEncoding = 4; lastKnownFileType = sourcecode.c.h; path = FoxSettingsTableViewController.h; sourceTree = "<group>"; };
		C2C11F951B685E9E00CBA7B5 /* FoxSettingsTableViewController.m */ = {isa = PBXFileReference; fileEncoding = 4; lastKnownFileType = sourcecode.c.objc; path = FoxSettingsTableViewController.m; sourceTree = "<group>"; };
		C2C11F991B685E9E00CBA7B5 /* FoxCollectionTableViewController.h */ = {isa = PBXFileReference; fileEncoding = 4; lastKnownFileType = sourcecode.c.h; path = FoxCollectionTableViewController.h; sourceTree = "<group>"; };
		C2C11F9A1B685E9E00CBA7B5 /* FoxCollectionTableViewController.m */ = {isa = PBXFileReference; fileEncoding = 4; lastKnownFileType = sourcecode.c.objc; path = FoxCollectionTableViewController.m; sourceTree = "<group>"; };
		C2C11F9B1B685E9E00CBA7B5 /* FoxPlayTableViewController.h */ = {isa = PBXFileReference; fileEncoding = 4; lastKnownFileType = sourcecode.c.h; path = FoxPlayTableViewController.h; sourceTree = "<group>"; };
		C2C11F9C1B685E9E00CBA7B5 /* FoxPlayTableViewController.m */ = {isa = PBXFileReference; fileEncoding = 4; lastKnownFileType = sourcecode.c.objc; path = FoxPlayTableViewController.m; sourceTree = "<group>"; };
		C2C11F9D1B685E9E00CBA7B5 /* SettingTableViewController.h */ = {isa = PBXFileReference; fileEncoding = 4; lastKnownFileType = sourcecode.c.h; path = SettingTableViewController.h; sourceTree = "<group>"; };
		C2C11F9E1B685E9E00CBA7B5 /* SettingTableViewController.m */ = {isa = PBXFileReference; fileEncoding = 4; lastKnownFileType = sourcecode.c.objc; path = SettingTableViewController.m; sourceTree = "<group>"; };
		C2C11F9F1B685E9E00CBA7B5 /* UserTableViewCell.h */ = {isa = PBXFileReference; fileEncoding = 4; lastKnownFileType = sourcecode.c.h; path = UserTableViewCell.h; sourceTree = "<group>"; };
		C2C11FA01B685E9E00CBA7B5 /* UserTableViewCell.m */ = {isa = PBXFileReference; fileEncoding = 4; lastKnownFileType = sourcecode.c.objc; path = UserTableViewCell.m; sourceTree = "<group>"; };
		C2C11FAE1B68647900CBA7B5 /* FoxCollectionTableViewCell.h */ = {isa = PBXFileReference; fileEncoding = 4; lastKnownFileType = sourcecode.c.h; path = FoxCollectionTableViewCell.h; sourceTree = "<group>"; };
		C2C11FAF1B68647900CBA7B5 /* FoxCollectionTableViewCell.m */ = {isa = PBXFileReference; fileEncoding = 4; lastKnownFileType = sourcecode.c.objc; path = FoxCollectionTableViewCell.m; sourceTree = "<group>"; };
		C2C11FE91B68D07400CBA7B5 /* AVFoundation.framework */ = {isa = PBXFileReference; lastKnownFileType = wrapper.framework; name = AVFoundation.framework; path = System/Library/Frameworks/AVFoundation.framework; sourceTree = SDKROOT; };
		C2C11FEF1B68D47400CBA7B5 /* API_URL.h */ = {isa = PBXFileReference; fileEncoding = 4; lastKnownFileType = sourcecode.c.h; path = API_URL.h; sourceTree = "<group>"; };
		C2C11FF01B69015100CBA7B5 /* testDemo.aac */ = {isa = PBXFileReference; lastKnownFileType = file; path = testDemo.aac; sourceTree = "<group>"; };
		C2C4DF871B66470C004690C3 /* AudioShare.app */ = {isa = PBXFileReference; explicitFileType = wrapper.application; includeInIndex = 0; path = AudioShare.app; sourceTree = BUILT_PRODUCTS_DIR; };
		C2C4DF8B1B66470C004690C3 /* Info.plist */ = {isa = PBXFileReference; lastKnownFileType = text.plist.xml; path = Info.plist; sourceTree = "<group>"; };
		C2C4DF8C1B66470C004690C3 /* main.m */ = {isa = PBXFileReference; lastKnownFileType = sourcecode.c.objc; path = main.m; sourceTree = "<group>"; };
		C2C4DF8E1B66470C004690C3 /* AppDelegate.h */ = {isa = PBXFileReference; lastKnownFileType = sourcecode.c.h; path = AppDelegate.h; sourceTree = "<group>"; };
		C2C4DF8F1B66470C004690C3 /* AppDelegate.m */ = {isa = PBXFileReference; lastKnownFileType = sourcecode.c.objc; path = AppDelegate.m; sourceTree = "<group>"; };
		C2C4DF911B66470C004690C3 /* Images.xcassets */ = {isa = PBXFileReference; lastKnownFileType = folder.assetcatalog; path = Images.xcassets; sourceTree = "<group>"; };
		C2C4DF941B66470C004690C3 /* Base */ = {isa = PBXFileReference; lastKnownFileType = file.xib; name = Base; path = Base.lproj/LaunchScreen.xib; sourceTree = "<group>"; };
		C2C4DF9A1B66470C004690C3 /* AudioShareTests.xctest */ = {isa = PBXFileReference; explicitFileType = wrapper.cfbundle; includeInIndex = 0; path = AudioShareTests.xctest; sourceTree = BUILT_PRODUCTS_DIR; };
		C2C4DF9F1B66470C004690C3 /* Info.plist */ = {isa = PBXFileReference; lastKnownFileType = text.plist.xml; path = Info.plist; sourceTree = "<group>"; };
		C2C4DFA01B66470C004690C3 /* AudioShareTests.m */ = {isa = PBXFileReference; lastKnownFileType = sourcecode.c.objc; path = AudioShareTests.m; sourceTree = "<group>"; };
		C2C4DFAA1B664735004690C3 /* AudioShare-Prefix.pch */ = {isa = PBXFileReference; fileEncoding = 4; lastKnownFileType = sourcecode.c.h; path = "AudioShare-Prefix.pch"; sourceTree = "<group>"; };
		C2C4DFB11B6647FD004690C3 /* RootTabBarController.h */ = {isa = PBXFileReference; fileEncoding = 4; lastKnownFileType = sourcecode.c.h; path = RootTabBarController.h; sourceTree = "<group>"; };
		C2C4DFB21B6647FD004690C3 /* RootTabBarController.m */ = {isa = PBXFileReference; fileEncoding = 4; lastKnownFileType = sourcecode.c.objc; path = RootTabBarController.m; sourceTree = "<group>"; };
		C2C4DFB61B6648D3004690C3 /* AudioBookCategoryCollectionViewCell.h */ = {isa = PBXFileReference; fileEncoding = 4; lastKnownFileType = sourcecode.c.h; path = AudioBookCategoryCollectionViewCell.h; sourceTree = "<group>"; };
		C2C4DFB71B6648D3004690C3 /* AudioBookCategoryCollectionViewCell.m */ = {isa = PBXFileReference; fileEncoding = 4; lastKnownFileType = sourcecode.c.objc; path = AudioBookCategoryCollectionViewCell.m; sourceTree = "<group>"; };
		C2C4DFB81B6648D3004690C3 /* AudioBookCategoryCollectionViewController.h */ = {isa = PBXFileReference; fileEncoding = 4; lastKnownFileType = sourcecode.c.h; path = AudioBookCategoryCollectionViewController.h; sourceTree = "<group>"; };
		C2C4DFB91B6648D3004690C3 /* AudioBookCategoryCollectionViewController.m */ = {isa = PBXFileReference; fileEncoding = 4; lastKnownFileType = sourcecode.c.objc; path = AudioBookCategoryCollectionViewController.m; sourceTree = "<group>"; };
		C2C4DFC11B6648D3004690C3 /* main_play@2x.png */ = {isa = PBXFileReference; lastKnownFileType = image.png; path = "main_play@2x.png"; sourceTree = "<group>"; };
		C2C4DFCA1B664E14004690C3 /* back@2x.png */ = {isa = PBXFileReference; lastKnownFileType = image.png; path = "back@2x.png"; sourceTree = "<group>"; };
		C2C4DFCE1B66553E004690C3 /* MKAnnotationView+WebCache.h */ = {isa = PBXFileReference; fileEncoding = 4; lastKnownFileType = sourcecode.c.h; path = "MKAnnotationView+WebCache.h"; sourceTree = "<group>"; };
		C2C4DFCF1B66553E004690C3 /* MKAnnotationView+WebCache.m */ = {isa = PBXFileReference; fileEncoding = 4; lastKnownFileType = sourcecode.c.objc; path = "MKAnnotationView+WebCache.m"; sourceTree = "<group>"; };
		C2C4DFD01B66553E004690C3 /* NSData+ImageContentType.h */ = {isa = PBXFileReference; fileEncoding = 4; lastKnownFileType = sourcecode.c.h; path = "NSData+ImageContentType.h"; sourceTree = "<group>"; };
		C2C4DFD11B66553E004690C3 /* NSData+ImageContentType.m */ = {isa = PBXFileReference; fileEncoding = 4; lastKnownFileType = sourcecode.c.objc; path = "NSData+ImageContentType.m"; sourceTree = "<group>"; };
		C2C4DFD21B66553E004690C3 /* SDImageCache.h */ = {isa = PBXFileReference; fileEncoding = 4; lastKnownFileType = sourcecode.c.h; path = SDImageCache.h; sourceTree = "<group>"; };
		C2C4DFD31B66553E004690C3 /* SDImageCache.m */ = {isa = PBXFileReference; fileEncoding = 4; lastKnownFileType = sourcecode.c.objc; path = SDImageCache.m; sourceTree = "<group>"; };
		C2C4DFD41B66553E004690C3 /* SDWebImageCompat.h */ = {isa = PBXFileReference; fileEncoding = 4; lastKnownFileType = sourcecode.c.h; path = SDWebImageCompat.h; sourceTree = "<group>"; };
		C2C4DFD51B66553E004690C3 /* SDWebImageCompat.m */ = {isa = PBXFileReference; fileEncoding = 4; lastKnownFileType = sourcecode.c.objc; path = SDWebImageCompat.m; sourceTree = "<group>"; };
		C2C4DFD61B66553E004690C3 /* SDWebImageDecoder.h */ = {isa = PBXFileReference; fileEncoding = 4; lastKnownFileType = sourcecode.c.h; path = SDWebImageDecoder.h; sourceTree = "<group>"; };
		C2C4DFD71B66553E004690C3 /* SDWebImageDecoder.m */ = {isa = PBXFileReference; fileEncoding = 4; lastKnownFileType = sourcecode.c.objc; path = SDWebImageDecoder.m; sourceTree = "<group>"; };
		C2C4DFD81B66553E004690C3 /* SDWebImageDownloader.h */ = {isa = PBXFileReference; fileEncoding = 4; lastKnownFileType = sourcecode.c.h; path = SDWebImageDownloader.h; sourceTree = "<group>"; };
		C2C4DFD91B66553E004690C3 /* SDWebImageDownloader.m */ = {isa = PBXFileReference; fileEncoding = 4; lastKnownFileType = sourcecode.c.objc; path = SDWebImageDownloader.m; sourceTree = "<group>"; };
		C2C4DFDA1B66553E004690C3 /* SDWebImageDownloaderOperation.h */ = {isa = PBXFileReference; fileEncoding = 4; lastKnownFileType = sourcecode.c.h; path = SDWebImageDownloaderOperation.h; sourceTree = "<group>"; };
		C2C4DFDB1B66553E004690C3 /* SDWebImageDownloaderOperation.m */ = {isa = PBXFileReference; fileEncoding = 4; lastKnownFileType = sourcecode.c.objc; path = SDWebImageDownloaderOperation.m; sourceTree = "<group>"; };
		C2C4DFDC1B66553E004690C3 /* SDWebImageManager.h */ = {isa = PBXFileReference; fileEncoding = 4; lastKnownFileType = sourcecode.c.h; path = SDWebImageManager.h; sourceTree = "<group>"; };
		C2C4DFDD1B66553E004690C3 /* SDWebImageManager.m */ = {isa = PBXFileReference; fileEncoding = 4; lastKnownFileType = sourcecode.c.objc; path = SDWebImageManager.m; sourceTree = "<group>"; };
		C2C4DFDE1B66553E004690C3 /* SDWebImageOperation.h */ = {isa = PBXFileReference; fileEncoding = 4; lastKnownFileType = sourcecode.c.h; path = SDWebImageOperation.h; sourceTree = "<group>"; };
		C2C4DFDF1B66553E004690C3 /* SDWebImagePrefetcher.h */ = {isa = PBXFileReference; fileEncoding = 4; lastKnownFileType = sourcecode.c.h; path = SDWebImagePrefetcher.h; sourceTree = "<group>"; };
		C2C4DFE01B66553E004690C3 /* SDWebImagePrefetcher.m */ = {isa = PBXFileReference; fileEncoding = 4; lastKnownFileType = sourcecode.c.objc; path = SDWebImagePrefetcher.m; sourceTree = "<group>"; };
		C2C4DFE11B66553E004690C3 /* UIButton+WebCache.h */ = {isa = PBXFileReference; fileEncoding = 4; lastKnownFileType = sourcecode.c.h; path = "UIButton+WebCache.h"; sourceTree = "<group>"; };
		C2C4DFE21B66553E004690C3 /* UIButton+WebCache.m */ = {isa = PBXFileReference; fileEncoding = 4; lastKnownFileType = sourcecode.c.objc; path = "UIButton+WebCache.m"; sourceTree = "<group>"; };
		C2C4DFE31B66553E004690C3 /* UIImage+GIF.h */ = {isa = PBXFileReference; fileEncoding = 4; lastKnownFileType = sourcecode.c.h; path = "UIImage+GIF.h"; sourceTree = "<group>"; };
		C2C4DFE41B66553E004690C3 /* UIImage+GIF.m */ = {isa = PBXFileReference; fileEncoding = 4; lastKnownFileType = sourcecode.c.objc; path = "UIImage+GIF.m"; sourceTree = "<group>"; };
		C2C4DFE51B66553E004690C3 /* UIImage+MultiFormat.h */ = {isa = PBXFileReference; fileEncoding = 4; lastKnownFileType = sourcecode.c.h; path = "UIImage+MultiFormat.h"; sourceTree = "<group>"; };
		C2C4DFE61B66553E004690C3 /* UIImage+MultiFormat.m */ = {isa = PBXFileReference; fileEncoding = 4; lastKnownFileType = sourcecode.c.objc; path = "UIImage+MultiFormat.m"; sourceTree = "<group>"; };
		C2C4DFE71B66553E004690C3 /* UIImage+WebP.h */ = {isa = PBXFileReference; fileEncoding = 4; lastKnownFileType = sourcecode.c.h; path = "UIImage+WebP.h"; sourceTree = "<group>"; };
		C2C4DFE81B66553E004690C3 /* UIImage+WebP.m */ = {isa = PBXFileReference; fileEncoding = 4; lastKnownFileType = sourcecode.c.objc; path = "UIImage+WebP.m"; sourceTree = "<group>"; };
		C2C4DFE91B66553E004690C3 /* UIImageView+HighlightedWebCache.h */ = {isa = PBXFileReference; fileEncoding = 4; lastKnownFileType = sourcecode.c.h; path = "UIImageView+HighlightedWebCache.h"; sourceTree = "<group>"; };
		C2C4DFEA1B66553E004690C3 /* UIImageView+HighlightedWebCache.m */ = {isa = PBXFileReference; fileEncoding = 4; lastKnownFileType = sourcecode.c.objc; path = "UIImageView+HighlightedWebCache.m"; sourceTree = "<group>"; };
		C2C4DFEB1B66553E004690C3 /* UIImageView+WebCache.h */ = {isa = PBXFileReference; fileEncoding = 4; lastKnownFileType = sourcecode.c.h; path = "UIImageView+WebCache.h"; sourceTree = "<group>"; };
		C2C4DFEC1B66553E004690C3 /* UIImageView+WebCache.m */ = {isa = PBXFileReference; fileEncoding = 4; lastKnownFileType = sourcecode.c.objc; path = "UIImageView+WebCache.m"; sourceTree = "<group>"; };
		C2C4DFED1B66553E004690C3 /* UIView+WebCacheOperation.h */ = {isa = PBXFileReference; fileEncoding = 4; lastKnownFileType = sourcecode.c.h; path = "UIView+WebCacheOperation.h"; sourceTree = "<group>"; };
		C2C4DFEE1B66553E004690C3 /* UIView+WebCacheOperation.m */ = {isa = PBXFileReference; fileEncoding = 4; lastKnownFileType = sourcecode.c.objc; path = "UIView+WebCacheOperation.m"; sourceTree = "<group>"; };
		C2C4E0021B665C03004690C3 /* SuggestionCollectionViewCell.h */ = {isa = PBXFileReference; fileEncoding = 4; lastKnownFileType = sourcecode.c.h; path = SuggestionCollectionViewCell.h; sourceTree = "<group>"; };
		C2C4E0031B665C03004690C3 /* SuggestionCollectionViewCell.m */ = {isa = PBXFileReference; fileEncoding = 4; lastKnownFileType = sourcecode.c.objc; path = SuggestionCollectionViewCell.m; sourceTree = "<group>"; };
		C2C4E0051B665C20004690C3 /* SuggestionCollectionViewController.h */ = {isa = PBXFileReference; fileEncoding = 4; lastKnownFileType = sourcecode.c.h; path = SuggestionCollectionViewController.h; sourceTree = "<group>"; };
		C2C4E0061B665C20004690C3 /* SuggestionCollectionViewController.m */ = {isa = PBXFileReference; fileEncoding = 4; lastKnownFileType = sourcecode.c.objc; path = SuggestionCollectionViewController.m; sourceTree = "<group>"; };
		C2C4E0091B666E3A004690C3 /* SubListViewController.h */ = {isa = PBXFileReference; fileEncoding = 4; lastKnownFileType = sourcecode.c.h; path = SubListViewController.h; sourceTree = "<group>"; };
		C2C4E00A1B666E3A004690C3 /* SubListViewController.m */ = {isa = PBXFileReference; fileEncoding = 4; lastKnownFileType = sourcecode.c.objc; path = SubListViewController.m; sourceTree = "<group>"; };
		C2C725EF1B69B307005E671F /* SpecialItem.h */ = {isa = PBXFileReference; fileEncoding = 4; lastKnownFileType = sourcecode.c.h; path = SpecialItem.h; sourceTree = "<group>"; };
		C2C725F01B69B307005E671F /* SpecialItem.m */ = {isa = PBXFileReference; fileEncoding = 4; lastKnownFileType = sourcecode.c.objc; path = SpecialItem.m; sourceTree = "<group>"; };
		C2C725F71B69D088005E671F /* TracksListTableViewController.h */ = {isa = PBXFileReference; fileEncoding = 4; lastKnownFileType = sourcecode.c.h; path = TracksListTableViewController.h; sourceTree = "<group>"; };
		C2C725F81B69D088005E671F /* TracksListTableViewController.m */ = {isa = PBXFileReference; fileEncoding = 4; lastKnownFileType = sourcecode.c.objc; path = TracksListTableViewController.m; sourceTree = "<group>"; };
		C2C725FA1B69D13D005E671F /* TracksListTableViewCell.h */ = {isa = PBXFileReference; fileEncoding = 4; lastKnownFileType = sourcecode.c.h; path = TracksListTableViewCell.h; sourceTree = "<group>"; };
		C2C725FB1B69D13D005E671F /* TracksListTableViewCell.m */ = {isa = PBXFileReference; fileEncoding = 4; lastKnownFileType = sourcecode.c.objc; path = TracksListTableViewCell.m; sourceTree = "<group>"; };
		C2CCA80B1B670B1500B62775 /* HeaderCollectionReusableView.h */ = {isa = PBXFileReference; fileEncoding = 4; lastKnownFileType = sourcecode.c.h; path = HeaderCollectionReusableView.h; sourceTree = "<group>"; };
		C2CCA80C1B670B1500B62775 /* HeaderCollectionReusableView.m */ = {isa = PBXFileReference; fileEncoding = 4; lastKnownFileType = sourcecode.c.objc; path = HeaderCollectionReusableView.m; sourceTree = "<group>"; };
		C2CCA8101B67121300B62775 /* PlayerViewController.h */ = {isa = PBXFileReference; fileEncoding = 4; lastKnownFileType = sourcecode.c.h; path = PlayerViewController.h; sourceTree = "<group>"; };
		C2CCA8111B67121300B62775 /* PlayerViewController.m */ = {isa = PBXFileReference; fileEncoding = 4; lastKnownFileType = sourcecode.c.objc; path = PlayerViewController.m; sourceTree = "<group>"; };
		C2CCA8121B67121300B62775 /* PlayerViewController.xib */ = {isa = PBXFileReference; fileEncoding = 4; lastKnownFileType = file.xib; path = PlayerViewController.xib; sourceTree = "<group>"; };
		C2CCA8181B6725E700B62775 /* btn_next@2x.png */ = {isa = PBXFileReference; lastKnownFileType = image.png; path = "btn_next@2x.png"; sourceTree = "<group>"; };
		C2CCA81E1B6725E700B62775 /* btn_pre@2x.png */ = {isa = PBXFileReference; lastKnownFileType = image.png; path = "btn_pre@2x.png"; sourceTree = "<group>"; };
		C2CCA8271B672B4800B62775 /* play_btn.jpg */ = {isa = PBXFileReference; lastKnownFileType = image.jpeg; path = play_btn.jpg; sourceTree = "<group>"; };
		C2CCA8291B672CD700B62775 /* pause_btn.jpg */ = {isa = PBXFileReference; lastKnownFileType = image.jpeg; path = pause_btn.jpg; sourceTree = "<group>"; };
		C2CCA8321B675CC000B62775 /* RadioFoxView.h */ = {isa = PBXFileReference; fileEncoding = 4; lastKnownFileType = sourcecode.c.h; path = RadioFoxView.h; sourceTree = "<group>"; };
		C2CCA8331B675CC000B62775 /* RadioFoxView.m */ = {isa = PBXFileReference; fileEncoding = 4; lastKnownFileType = sourcecode.c.objc; path = RadioFoxView.m; sourceTree = "<group>"; };
		C2CCA8351B675CC000B62775 /* RadioTableViewCell.h */ = {isa = PBXFileReference; fileEncoding = 4; lastKnownFileType = sourcecode.c.h; path = RadioTableViewCell.h; sourceTree = "<group>"; };
		C2CCA8361B675CC000B62775 /* RadioTableViewCell.m */ = {isa = PBXFileReference; fileEncoding = 4; lastKnownFileType = sourcecode.c.objc; path = RadioTableViewCell.m; sourceTree = "<group>"; };
		C2CCA83F1B676D6C00B62775 /* AudioTableViewCell.h */ = {isa = PBXFileReference; fileEncoding = 4; lastKnownFileType = sourcecode.c.h; path = AudioTableViewCell.h; sourceTree = "<group>"; };
		C2CCA8401B676D6C00B62775 /* AudioTableViewCell.m */ = {isa = PBXFileReference; fileEncoding = 4; lastKnownFileType = sourcecode.c.objc; path = AudioTableViewCell.m; sourceTree = "<group>"; };
		C2CCA8411B676D6C00B62775 /* AudioTableViewController.h */ = {isa = PBXFileReference; fileEncoding = 4; lastKnownFileType = sourcecode.c.h; path = AudioTableViewController.h; sourceTree = "<group>"; };
		C2CCA8421B676D6C00B62775 /* AudioTableViewController.m */ = {isa = PBXFileReference; fileEncoding = 4; lastKnownFileType = sourcecode.c.objc; path = AudioTableViewController.m; sourceTree = "<group>"; };
		C2CCA8451B676D8700B62775 /* AlbumTableViewCell.h */ = {isa = PBXFileReference; fileEncoding = 4; lastKnownFileType = sourcecode.c.h; path = AlbumTableViewCell.h; sourceTree = "<group>"; };
		C2CCA8461B676D8700B62775 /* AlbumTableViewCell.m */ = {isa = PBXFileReference; fileEncoding = 4; lastKnownFileType = sourcecode.c.objc; path = AlbumTableViewCell.m; sourceTree = "<group>"; };
		C2CCA8471B676D8700B62775 /* AlbumTableViewController.h */ = {isa = PBXFileReference; fileEncoding = 4; lastKnownFileType = sourcecode.c.h; path = AlbumTableViewController.h; sourceTree = "<group>"; };
		C2CCA8481B676D8700B62775 /* AlbumTableViewController.m */ = {isa = PBXFileReference; fileEncoding = 4; lastKnownFileType = sourcecode.c.objc; path = AlbumTableViewController.m; sourceTree = "<group>"; };
		C2CCA8491B676D8700B62775 /* AlbumView.h */ = {isa = PBXFileReference; fileEncoding = 4; lastKnownFileType = sourcecode.c.h; path = AlbumView.h; sourceTree = "<group>"; };
		C2CCA84A1B676D8700B62775 /* AlbumView.m */ = {isa = PBXFileReference; fileEncoding = 4; lastKnownFileType = sourcecode.c.objc; path = AlbumView.m; sourceTree = "<group>"; };
		C2CCA8511B676D9800B62775 /* SearchTableViewController.h */ = {isa = PBXFileReference; fileEncoding = 4; lastKnownFileType = sourcecode.c.h; path = SearchTableViewController.h; sourceTree = "<group>"; };
		C2CCA8521B676D9800B62775 /* SearchTableViewController.m */ = {isa = PBXFileReference; fileEncoding = 4; lastKnownFileType = sourcecode.c.objc; path = SearchTableViewController.m; sourceTree = "<group>"; };
		C2CCA8531B676D9800B62775 /* SearchViewController.h */ = {isa = PBXFileReference; fileEncoding = 4; lastKnownFileType = sourcecode.c.h; path = SearchViewController.h; sourceTree = "<group>"; };
		C2CCA8541B676D9800B62775 /* SearchViewController.m */ = {isa = PBXFileReference; fileEncoding = 4; lastKnownFileType = sourcecode.c.objc; path = SearchViewController.m; sourceTree = "<group>"; };
		C2CCA8571B677AC300B62775 /* DownloadViewController.h */ = {isa = PBXFileReference; fileEncoding = 4; lastKnownFileType = sourcecode.c.h; path = DownloadViewController.h; sourceTree = "<group>"; };
		C2CCA8581B677AC300B62775 /* DownloadViewController.m */ = {isa = PBXFileReference; fileEncoding = 4; lastKnownFileType = sourcecode.c.objc; path = DownloadViewController.m; sourceTree = "<group>"; };
		C2CCA85A1B677E3000B62775 /* DownloadView.h */ = {isa = PBXFileReference; fileEncoding = 4; lastKnownFileType = sourcecode.c.h; path = DownloadView.h; sourceTree = "<group>"; };
		C2CCA85B1B677E3000B62775 /* DownloadView.m */ = {isa = PBXFileReference; fileEncoding = 4; lastKnownFileType = sourcecode.c.objc; path = DownloadView.m; sourceTree = "<group>"; };
		C2CCA85F1B67871B00B62775 /* DownloadedTracksCell.h */ = {isa = PBXFileReference; fileEncoding = 4; lastKnownFileType = sourcecode.c.h; path = DownloadedTracksCell.h; sourceTree = "<group>"; };
		C2CCA8601B67871B00B62775 /* DownloadedTracksCell.m */ = {isa = PBXFileReference; fileEncoding = 4; lastKnownFileType = sourcecode.c.objc; path = DownloadedTracksCell.m; sourceTree = "<group>"; };
		C2CCA8621B67875A00B62775 /* DownloadedTrackViewController.h */ = {isa = PBXFileReference; fileEncoding = 4; lastKnownFileType = sourcecode.c.h; path = DownloadedTrackViewController.h; sourceTree = "<group>"; };
		C2CCA8631B67875A00B62775 /* DownloadedTrackViewController.m */ = {isa = PBXFileReference; fileEncoding = 4; lastKnownFileType = sourcecode.c.objc; path = DownloadedTrackViewController.m; sourceTree = "<group>"; };
		C2CCA8661B67885000B62775 /* DownloadedAlbumCell.h */ = {isa = PBXFileReference; fileEncoding = 4; lastKnownFileType = sourcecode.c.h; path = DownloadedAlbumCell.h; sourceTree = "<group>"; };
		C2CCA8671B67885000B62775 /* DownloadedAlbumCell.m */ = {isa = PBXFileReference; fileEncoding = 4; lastKnownFileType = sourcecode.c.objc; path = DownloadedAlbumCell.m; sourceTree = "<group>"; };
		C2CCA86D1B67A2A500B62775 /* DownloadingTableViewCell.h */ = {isa = PBXFileReference; fileEncoding = 4; lastKnownFileType = sourcecode.c.h; path = DownloadingTableViewCell.h; sourceTree = "<group>"; };
		C2CCA86E1B67A2A500B62775 /* DownloadingTableViewCell.m */ = {isa = PBXFileReference; fileEncoding = 4; lastKnownFileType = sourcecode.c.objc; path = DownloadingTableViewCell.m; sourceTree = "<group>"; };
		C2CCA86F1B67A2A500B62775 /* DownloadingTableViewCell.xib */ = {isa = PBXFileReference; fileEncoding = 4; lastKnownFileType = file.xib; path = DownloadingTableViewCell.xib; sourceTree = "<group>"; };
		C6A94C1A0DFE68E442863781 /* Pods.debug.xcconfig */ = {isa = PBXFileReference; includeInIndex = 1; lastKnownFileType = text.xcconfig; name = Pods.debug.xcconfig; path = "Pods/Target Support Files/Pods/Pods.debug.xcconfig"; sourceTree = "<group>"; };
		F2398153ACA485CBB3B52F4C /* libPods.a */ = {isa = PBXFileReference; explicitFileType = archive.ar; includeInIndex = 0; path = libPods.a; sourceTree = BUILT_PRODUCTS_DIR; };
/* End PBXFileReference section */

/* Begin PBXFrameworksBuildPhase section */
		C2C4DF841B66470C004690C3 /* Frameworks */ = {
			isa = PBXFrameworksBuildPhase;
			buildActionMask = 2147483647;
			files = (
				C2C11FEA1B68D07400CBA7B5 /* AVFoundation.framework in Frameworks */,
				CD78E2802ADEB115BE22A4AA /* libPods.a in Frameworks */,
			);
			runOnlyForDeploymentPostprocessing = 0;
		};
		C2C4DF971B66470C004690C3 /* Frameworks */ = {
			isa = PBXFrameworksBuildPhase;
			buildActionMask = 2147483647;
			files = (
			);
			runOnlyForDeploymentPostprocessing = 0;
		};
/* End PBXFrameworksBuildPhase section */

/* Begin PBXGroup section */
		541ADA4720B2933F46B4ABAF /* Frameworks */ = {
			isa = PBXGroup;
			children = (
				C2C11FE91B68D07400CBA7B5 /* AVFoundation.framework */,
				F2398153ACA485CBB3B52F4C /* libPods.a */,
			);
			name = Frameworks;
			sourceTree = "<group>";
		};
		A87813171AD8223AF53FEB75 /* Pods */ = {
			isa = PBXGroup;
			children = (
				C6A94C1A0DFE68E442863781 /* Pods.debug.xcconfig */,
				1E4E816DCCC72B128588F1C9 /* Pods.release.xcconfig */,
			);
			name = Pods;
			sourceTree = "<group>";
		};
		C2C08F521B6AFD5200930A4F /* Tools */ = {
			isa = PBXGroup;
			children = (
				C2C08F531B6AFD5200930A4F /* RequestTool_v2.h */,
				C2C08F541B6AFD5200930A4F /* RequestTool_v2.m */,
			);
			path = Tools;
			sourceTree = "<group>";
		};
		C2C08F591B6B04CF00930A4F /* Model */ = {
			isa = PBXGroup;
			children = (
				C2C08F5A1B6B04CF00930A4F /* Radio.h */,
				C2C08F5B1B6B04CF00930A4F /* Radio.m */,
			);
			path = Model;
			sourceTree = "<group>";
		};
		C2C08F5C1B6B04CF00930A4F /* Province */ = {
			isa = PBXGroup;
			children = (
				C2C08F5D1B6B04CF00930A4F /* RadioProvince.h */,
				C2C08F5E1B6B04CF00930A4F /* RadioProvince.m */,
				C2C08F5F1B6B04CF00930A4F /* RadioProvinceTableViewController.h */,
				C2C08F601B6B04CF00930A4F /* RadioProvinceTableViewController.m */,
			);
			path = Province;
			sourceTree = "<group>";
		};
		C2C08F661B6B205300930A4F /* AlbumModel */ = {
			isa = PBXGroup;
			children = (
				C2C08F671B6B207F00930A4F /* AlbumModel.h */,
				C2C08F681B6B207F00930A4F /* AlbumModel.m */,
			);
			path = AlbumModel;
			sourceTree = "<group>";
		};
		C2C08F6A1B6B217900930A4F /* FirstAudioModel */ = {
			isa = PBXGroup;
			children = (
				C2C08F6E1B6B227400930A4F /* AudioModel.h */,
				C2C08F6F1B6B227400930A4F /* AudioModel.m */,
			);
			path = FirstAudioModel;
			sourceTree = "<group>";
		};
		C2C08F731B6B28B900930A4F /* AudioCategoryModel */ = {
			isa = PBXGroup;
			children = (
				C2C08F741B6B28D100930A4F /* AudioCategory.h */,
				C2C08F751B6B28D100930A4F /* AudioCategory.m */,
			);
			path = AudioCategoryModel;
			sourceTree = "<group>";
		};
		C2C08F771B6B574E00930A4F /* MJRefresh */ = {
			isa = PBXGroup;
			children = (
				C2C08F781B6B574E00930A4F /* Base */,
				C2C08F831B6B574E00930A4F /* Custom */,
				C2C08F9A1B6B574E00930A4F /* MJRefresh.bundle */,
				C2C08F9B1B6B574E00930A4F /* MJRefresh.h */,
				C2C08F9C1B6B574E00930A4F /* MJRefreshConst.h */,
				C2C08F9D1B6B574E00930A4F /* MJRefreshConst.m */,
				C2C08F9E1B6B574E00930A4F /* UIScrollView+MJExtension.h */,
				C2C08F9F1B6B574E00930A4F /* UIScrollView+MJExtension.m */,
				C2C08FA01B6B574E00930A4F /* UIScrollView+MJRefresh.h */,
				C2C08FA11B6B574E00930A4F /* UIScrollView+MJRefresh.m */,
				C2C08FA21B6B574E00930A4F /* UIView+MJExtension.h */,
				C2C08FA31B6B574E00930A4F /* UIView+MJExtension.m */,
			);
			path = MJRefresh;
			sourceTree = "<group>";
		};
		C2C08F781B6B574E00930A4F /* Base */ = {
			isa = PBXGroup;
			children = (
				C2C08F791B6B574E00930A4F /* MJRefreshAutoFooter.h */,
				C2C08F7A1B6B574E00930A4F /* MJRefreshAutoFooter.m */,
				C2C08F7B1B6B574E00930A4F /* MJRefreshBackFooter.h */,
				C2C08F7C1B6B574E00930A4F /* MJRefreshBackFooter.m */,
				C2C08F7D1B6B574E00930A4F /* MJRefreshComponent.h */,
				C2C08F7E1B6B574E00930A4F /* MJRefreshComponent.m */,
				C2C08F7F1B6B574E00930A4F /* MJRefreshFooter.h */,
				C2C08F801B6B574E00930A4F /* MJRefreshFooter.m */,
				C2C08F811B6B574E00930A4F /* MJRefreshHeader.h */,
				C2C08F821B6B574E00930A4F /* MJRefreshHeader.m */,
			);
			path = Base;
			sourceTree = "<group>";
		};
		C2C08F831B6B574E00930A4F /* Custom */ = {
			isa = PBXGroup;
			children = (
				C2C08F841B6B574E00930A4F /* Footer */,
				C2C08F931B6B574E00930A4F /* Header */,
			);
			path = Custom;
			sourceTree = "<group>";
		};
		C2C08F841B6B574E00930A4F /* Footer */ = {
			isa = PBXGroup;
			children = (
				C2C08F851B6B574E00930A4F /* Auto */,
				C2C08F8C1B6B574E00930A4F /* Back */,
			);
			path = Footer;
			sourceTree = "<group>";
		};
		C2C08F851B6B574E00930A4F /* Auto */ = {
			isa = PBXGroup;
			children = (
				C2C08F861B6B574E00930A4F /* MJRefreshAutoGifFooter.h */,
				C2C08F871B6B574E00930A4F /* MJRefreshAutoGifFooter.m */,
				C2C08F881B6B574E00930A4F /* MJRefreshAutoNormalFooter.h */,
				C2C08F891B6B574E00930A4F /* MJRefreshAutoNormalFooter.m */,
				C2C08F8A1B6B574E00930A4F /* MJRefreshAutoStateFooter.h */,
				C2C08F8B1B6B574E00930A4F /* MJRefreshAutoStateFooter.m */,
			);
			path = Auto;
			sourceTree = "<group>";
		};
		C2C08F8C1B6B574E00930A4F /* Back */ = {
			isa = PBXGroup;
			children = (
				C2C08F8D1B6B574E00930A4F /* MJRefreshBackGifFooter.h */,
				C2C08F8E1B6B574E00930A4F /* MJRefreshBackGifFooter.m */,
				C2C08F8F1B6B574E00930A4F /* MJRefreshBackNormalFooter.h */,
				C2C08F901B6B574E00930A4F /* MJRefreshBackNormalFooter.m */,
				C2C08F911B6B574E00930A4F /* MJRefreshBackStateFooter.h */,
				C2C08F921B6B574E00930A4F /* MJRefreshBackStateFooter.m */,
			);
			path = Back;
			sourceTree = "<group>";
		};
		C2C08F931B6B574E00930A4F /* Header */ = {
			isa = PBXGroup;
			children = (
				C2C08F941B6B574E00930A4F /* MJRefreshGifHeader.h */,
				C2C08F951B6B574E00930A4F /* MJRefreshGifHeader.m */,
				C2C08F961B6B574E00930A4F /* MJRefreshNormalHeader.h */,
				C2C08F971B6B574E00930A4F /* MJRefreshNormalHeader.m */,
				C2C08F981B6B574E00930A4F /* MJRefreshStateHeader.h */,
				C2C08F991B6B574E00930A4F /* MJRefreshStateHeader.m */,
			);
			path = Header;
			sourceTree = "<group>";
		};
		C2C11F961B685E9E00CBA7B5 /* Settings */ = {
			isa = PBXGroup;
			children = (
				C2C11F991B685E9E00CBA7B5 /* FoxCollectionTableViewController.h */,
				C2C11F9A1B685E9E00CBA7B5 /* FoxCollectionTableViewController.m */,
				C2C11F9B1B685E9E00CBA7B5 /* FoxPlayTableViewController.h */,
				C2C11F9C1B685E9E00CBA7B5 /* FoxPlayTableViewController.m */,
				C2C11F9D1B685E9E00CBA7B5 /* SettingTableViewController.h */,
				C2C11F9E1B685E9E00CBA7B5 /* SettingTableViewController.m */,
				C2C11F9F1B685E9E00CBA7B5 /* UserTableViewCell.h */,
				C2C11FA01B685E9E00CBA7B5 /* UserTableViewCell.m */,
				C2C11FAE1B68647900CBA7B5 /* FoxCollectionTableViewCell.h */,
				C2C11FAF1B68647900CBA7B5 /* FoxCollectionTableViewCell.m */,
			);
			path = Settings;
			sourceTree = "<group>";
		};
		C2C4DF7E1B66470C004690C3 = {
			isa = PBXGroup;
			children = (
				C2C4DF891B66470C004690C3 /* AudioShare */,
				C2C4DF9D1B66470C004690C3 /* AudioShareTests */,
				C2C4DF881B66470C004690C3 /* Products */,
				A87813171AD8223AF53FEB75 /* Pods */,
				541ADA4720B2933F46B4ABAF /* Frameworks */,
			);
			sourceTree = "<group>";
		};
		C2C4DF881B66470C004690C3 /* Products */ = {
			isa = PBXGroup;
			children = (
				C2C4DF871B66470C004690C3 /* AudioShare.app */,
				C2C4DF9A1B66470C004690C3 /* AudioShareTests.xctest */,
			);
			name = Products;
			sourceTree = "<group>";
		};
		C2C4DF891B66470C004690C3 /* AudioShare */ = {
			isa = PBXGroup;
			children = (
				C2C4DF8E1B66470C004690C3 /* AppDelegate.h */,
				C2C4DF8F1B66470C004690C3 /* AppDelegate.m */,
				C2C4DFB11B6647FD004690C3 /* RootTabBarController.h */,
				C2C4DFB21B6647FD004690C3 /* RootTabBarController.m */,
				C2C11FEF1B68D47400CBA7B5 /* API_URL.h */,
				C2C08F651B6B060800930A4F /* RadioHeader.h */,
				C2C4DFB41B6648D3004690C3 /* AlbumList */,
				C2C4DFB51B6648D3004690C3 /* AudioBook */,
				C2C4DFBC1B6648D3004690C3 /* Player */,
				C2C4DFBF1B6648D3004690C3 /* Radio */,
				C2C4DFBA1B6648D3004690C3 /* Download */,
				C2C4DFC21B6648D3004690C3 /* Search */,
				C2C4DFC41B6648D3004690C3 /* User_Settings */,
				C2C4DFC31B6648D3004690C3 /* ThirdPart */,
				C2C4DFC01B6648D3004690C3 /* Resources */,
				C2C4DF911B66470C004690C3 /* Images.xcassets */,
				C2C4DF931B66470C004690C3 /* LaunchScreen.xib */,
				C2C4DF8A1B66470C004690C3 /* Supporting Files */,
			);
			path = AudioShare;
			sourceTree = "<group>";
		};
		C2C4DF8A1B66470C004690C3 /* Supporting Files */ = {
			isa = PBXGroup;
			children = (
				C2C4DF8B1B66470C004690C3 /* Info.plist */,
				C2C4DF8C1B66470C004690C3 /* main.m */,
				C2C4DFAA1B664735004690C3 /* AudioShare-Prefix.pch */,
			);
			name = "Supporting Files";
			sourceTree = "<group>";
		};
		C2C4DF9D1B66470C004690C3 /* AudioShareTests */ = {
			isa = PBXGroup;
			children = (
				C2C4DFA01B66470C004690C3 /* AudioShareTests.m */,
				C2C4DF9E1B66470C004690C3 /* Supporting Files */,
			);
			path = AudioShareTests;
			sourceTree = "<group>";
		};
		C2C4DF9E1B66470C004690C3 /* Supporting Files */ = {
			isa = PBXGroup;
			children = (
				C2C4DF9F1B66470C004690C3 /* Info.plist */,
			);
			name = "Supporting Files";
			sourceTree = "<group>";
		};
		C2C4DFB41B6648D3004690C3 /* AlbumList */ = {
			isa = PBXGroup;
			children = (
				C2C08F661B6B205300930A4F /* AlbumModel */,
				C2CCA8451B676D8700B62775 /* AlbumTableViewCell.h */,
				C2CCA8461B676D8700B62775 /* AlbumTableViewCell.m */,
				C2CCA8471B676D8700B62775 /* AlbumTableViewController.h */,
				C2CCA8481B676D8700B62775 /* AlbumTableViewController.m */,
				C2CCA8491B676D8700B62775 /* AlbumView.h */,
				C2CCA84A1B676D8700B62775 /* AlbumView.m */,
			);
			path = AlbumList;
			sourceTree = "<group>";
		};
		C2C4DFB51B6648D3004690C3 /* AudioBook */ = {
			isa = PBXGroup;
			children = (
				C2C08F731B6B28B900930A4F /* AudioCategoryModel */,
				C2C4DFB81B6648D3004690C3 /* AudioBookCategoryCollectionViewController.h */,
				C2C4DFB91B6648D3004690C3 /* AudioBookCategoryCollectionViewController.m */,
				C2C4DFB61B6648D3004690C3 /* AudioBookCategoryCollectionViewCell.h */,
				C2C4DFB71B6648D3004690C3 /* AudioBookCategoryCollectionViewCell.m */,
				C2CCA83E1B676D6C00B62775 /* FirstAudioList */,
				C2C4DFCC1B6651E3004690C3 /* Sugestion */,
				C2C4E0081B666C24004690C3 /* SubList */,
			);
			path = AudioBook;
			sourceTree = "<group>";
		};
		C2C4DFBA1B6648D3004690C3 /* Download */ = {
			isa = PBXGroup;
			children = (
				C2CCA8571B677AC300B62775 /* DownloadViewController.h */,
				C2CCA8581B677AC300B62775 /* DownloadViewController.m */,
				C2CCA85A1B677E3000B62775 /* DownloadView.h */,
				C2CCA85B1B677E3000B62775 /* DownloadView.m */,
				C2CCA85D1B67853200B62775 /* DownloadedCell */,
				C2CCA86C1B67A26900B62775 /* DownloadingCell */,
			);
			path = Download;
			sourceTree = "<group>";
		};
		C2C4DFBC1B6648D3004690C3 /* Player */ = {
			isa = PBXGroup;
			children = (
				C2C725F61B69D04F005E671F /* TracksList */,
				C2C725EF1B69B307005E671F /* SpecialItem.h */,
				C2C725F01B69B307005E671F /* SpecialItem.m */,
				C2CCA8101B67121300B62775 /* PlayerViewController.h */,
				C2CCA8111B67121300B62775 /* PlayerViewController.m */,
				C2CCA8121B67121300B62775 /* PlayerViewController.xib */,
			);
			path = Player;
			sourceTree = "<group>";
		};
		C2C4DFBF1B6648D3004690C3 /* Radio */ = {
			isa = PBXGroup;
			children = (
				C2C08F591B6B04CF00930A4F /* Model */,
				C2C08F5C1B6B04CF00930A4F /* Province */,
				C2CCA8321B675CC000B62775 /* RadioFoxView.h */,
				C2CCA8331B675CC000B62775 /* RadioFoxView.m */,
				C2CCA8351B675CC000B62775 /* RadioTableViewCell.h */,
				C2CCA8361B675CC000B62775 /* RadioTableViewCell.m */,
				C2C08F561B6B047E00930A4F /* RadioTableViewController.h */,
				C2C08F571B6B047E00930A4F /* RadioTableViewController.m */,
			);
			path = Radio;
			sourceTree = "<group>";
		};
		C2C4DFC01B6648D3004690C3 /* Resources */ = {
			isa = PBXGroup;
			children = (
				C2C08F711B6B24BD00930A4F /* placeholder.png */,
				C2C11FF01B69015100CBA7B5 /* testDemo.aac */,
				C2CCA8271B672B4800B62775 /* play_btn.jpg */,
				C2CCA8181B6725E700B62775 /* btn_next@2x.png */,
				C2CCA8291B672CD700B62775 /* pause_btn.jpg */,
				C2CCA81E1B6725E700B62775 /* btn_pre@2x.png */,
				C2C4DFCA1B664E14004690C3 /* back@2x.png */,
				C2C4DFC11B6648D3004690C3 /* main_play@2x.png */,
			);
			path = Resources;
			sourceTree = "<group>";
		};
		C2C4DFC21B6648D3004690C3 /* Search */ = {
			isa = PBXGroup;
			children = (
				C2CCA8511B676D9800B62775 /* SearchTableViewController.h */,
				C2CCA8521B676D9800B62775 /* SearchTableViewController.m */,
				C2CCA8531B676D9800B62775 /* SearchViewController.h */,
				C2CCA8541B676D9800B62775 /* SearchViewController.m */,
			);
			path = Search;
			sourceTree = "<group>";
		};
		C2C4DFC31B6648D3004690C3 /* ThirdPart */ = {
			isa = PBXGroup;
			children = (
				C2C08F771B6B574E00930A4F /* MJRefresh */,
				C2C08F521B6AFD5200930A4F /* Tools */,
				C2C4DFCD1B66553E004690C3 /* SDWebImage */,
			);
			path = ThirdPart;
			sourceTree = "<group>";
		};
		C2C4DFC41B6648D3004690C3 /* User_Settings */ = {
			isa = PBXGroup;
			children = (
				C2C11F941B685E9E00CBA7B5 /* FoxSettingsTableViewController.h */,
				C2C11F951B685E9E00CBA7B5 /* FoxSettingsTableViewController.m */,
				C2C11F961B685E9E00CBA7B5 /* Settings */,
			);
			path = User_Settings;
			sourceTree = "<group>";
		};
		C2C4DFCC1B6651E3004690C3 /* Sugestion */ = {
			isa = PBXGroup;
			children = (
				C2C4E0051B665C20004690C3 /* SuggestionCollectionViewController.h */,
				C2C4E0061B665C20004690C3 /* SuggestionCollectionViewController.m */,
				C2C4E0021B665C03004690C3 /* SuggestionCollectionViewCell.h */,
				C2C4E0031B665C03004690C3 /* SuggestionCollectionViewCell.m */,
				C2CCA80B1B670B1500B62775 /* HeaderCollectionReusableView.h */,
				C2CCA80C1B670B1500B62775 /* HeaderCollectionReusableView.m */,
			);
			path = Sugestion;
			sourceTree = "<group>";
		};
		C2C4DFCD1B66553E004690C3 /* SDWebImage */ = {
			isa = PBXGroup;
			children = (
				C2C4DFCE1B66553E004690C3 /* MKAnnotationView+WebCache.h */,
				C2C4DFCF1B66553E004690C3 /* MKAnnotationView+WebCache.m */,
				C2C4DFD01B66553E004690C3 /* NSData+ImageContentType.h */,
				C2C4DFD11B66553E004690C3 /* NSData+ImageContentType.m */,
				C2C4DFD21B66553E004690C3 /* SDImageCache.h */,
				C2C4DFD31B66553E004690C3 /* SDImageCache.m */,
				C2C4DFD41B66553E004690C3 /* SDWebImageCompat.h */,
				C2C4DFD51B66553E004690C3 /* SDWebImageCompat.m */,
				C2C4DFD61B66553E004690C3 /* SDWebImageDecoder.h */,
				C2C4DFD71B66553E004690C3 /* SDWebImageDecoder.m */,
				C2C4DFD81B66553E004690C3 /* SDWebImageDownloader.h */,
				C2C4DFD91B66553E004690C3 /* SDWebImageDownloader.m */,
				C2C4DFDA1B66553E004690C3 /* SDWebImageDownloaderOperation.h */,
				C2C4DFDB1B66553E004690C3 /* SDWebImageDownloaderOperation.m */,
				C2C4DFDC1B66553E004690C3 /* SDWebImageManager.h */,
				C2C4DFDD1B66553E004690C3 /* SDWebImageManager.m */,
				C2C4DFDE1B66553E004690C3 /* SDWebImageOperation.h */,
				C2C4DFDF1B66553E004690C3 /* SDWebImagePrefetcher.h */,
				C2C4DFE01B66553E004690C3 /* SDWebImagePrefetcher.m */,
				C2C4DFE11B66553E004690C3 /* UIButton+WebCache.h */,
				C2C4DFE21B66553E004690C3 /* UIButton+WebCache.m */,
				C2C4DFE31B66553E004690C3 /* UIImage+GIF.h */,
				C2C4DFE41B66553E004690C3 /* UIImage+GIF.m */,
				C2C4DFE51B66553E004690C3 /* UIImage+MultiFormat.h */,
				C2C4DFE61B66553E004690C3 /* UIImage+MultiFormat.m */,
				C2C4DFE71B66553E004690C3 /* UIImage+WebP.h */,
				C2C4DFE81B66553E004690C3 /* UIImage+WebP.m */,
				C2C4DFE91B66553E004690C3 /* UIImageView+HighlightedWebCache.h */,
				C2C4DFEA1B66553E004690C3 /* UIImageView+HighlightedWebCache.m */,
				C2C4DFEB1B66553E004690C3 /* UIImageView+WebCache.h */,
				C2C4DFEC1B66553E004690C3 /* UIImageView+WebCache.m */,
				C2C4DFED1B66553E004690C3 /* UIView+WebCacheOperation.h */,
				C2C4DFEE1B66553E004690C3 /* UIView+WebCacheOperation.m */,
			);
			path = SDWebImage;
			sourceTree = "<group>";
		};
		C2C4E0081B666C24004690C3 /* SubList */ = {
			isa = PBXGroup;
			children = (
				C2C4E0091B666E3A004690C3 /* SubListViewController.h */,
				C2C4E00A1B666E3A004690C3 /* SubListViewController.m */,
			);
			name = SubList;
			path = Sugestion/SubList;
			sourceTree = "<group>";
		};
		C2C725F61B69D04F005E671F /* TracksList */ = {
			isa = PBXGroup;
			children = (
				C2C725F71B69D088005E671F /* TracksListTableViewController.h */,
				C2C725F81B69D088005E671F /* TracksListTableViewController.m */,
				C2C725FA1B69D13D005E671F /* TracksListTableViewCell.h */,
				C2C725FB1B69D13D005E671F /* TracksListTableViewCell.m */,
			);
			path = TracksList;
			sourceTree = "<group>";
		};
		C2CCA83E1B676D6C00B62775 /* FirstAudioList */ = {
			isa = PBXGroup;
			children = (
				C2C08F6A1B6B217900930A4F /* FirstAudioModel */,
				C2CCA83F1B676D6C00B62775 /* AudioTableViewCell.h */,
				C2CCA8401B676D6C00B62775 /* AudioTableViewCell.m */,
				C2CCA8411B676D6C00B62775 /* AudioTableViewController.h */,
				C2CCA8421B676D6C00B62775 /* AudioTableViewController.m */,
			);
			path = FirstAudioList;
			sourceTree = "<group>";
		};
		C2CCA85D1B67853200B62775 /* DownloadedCell */ = {
			isa = PBXGroup;
			children = (
				C2CCA8661B67885000B62775 /* DownloadedAlbumCell.h */,
				C2CCA8671B67885000B62775 /* DownloadedAlbumCell.m */,
				C2CCA8651B67876400B62775 /* DownloadedTracks */,
			);
			path = DownloadedCell;
			sourceTree = "<group>";
		};
		C2CCA8651B67876400B62775 /* DownloadedTracks */ = {
			isa = PBXGroup;
			children = (
				C2CCA8621B67875A00B62775 /* DownloadedTrackViewController.h */,
				C2CCA8631B67875A00B62775 /* DownloadedTrackViewController.m */,
				C2CCA85F1B67871B00B62775 /* DownloadedTracksCell.h */,
				C2CCA8601B67871B00B62775 /* DownloadedTracksCell.m */,
			);
			name = DownloadedTracks;
			sourceTree = "<group>";
		};
		C2CCA86C1B67A26900B62775 /* DownloadingCell */ = {
			isa = PBXGroup;
			children = (
				C2CCA86D1B67A2A500B62775 /* DownloadingTableViewCell.h */,
				C2CCA86E1B67A2A500B62775 /* DownloadingTableViewCell.m */,
				C2CCA86F1B67A2A500B62775 /* DownloadingTableViewCell.xib */,
			);
			name = DownloadingCell;
			path = DownloadedCell;
			sourceTree = "<group>";
		};
/* End PBXGroup section */

/* Begin PBXNativeTarget section */
		C2C4DF861B66470C004690C3 /* AudioShare */ = {
			isa = PBXNativeTarget;
			buildConfigurationList = C2C4DFA41B66470C004690C3 /* Build configuration list for PBXNativeTarget "AudioShare" */;
			buildPhases = (
				6D26BA65683F88D2B4EA6117 /* Check Pods Manifest.lock */,
				C2C4DF831B66470C004690C3 /* Sources */,
				C2C4DF841B66470C004690C3 /* Frameworks */,
				C2C4DF851B66470C004690C3 /* Resources */,
				4BB580FD374EF817298AE2BD /* Copy Pods Resources */,
			);
			buildRules = (
			);
			dependencies = (
			);
			name = AudioShare;
			productName = AudioShare;
			productReference = C2C4DF871B66470C004690C3 /* AudioShare.app */;
			productType = "com.apple.product-type.application";
		};
		C2C4DF991B66470C004690C3 /* AudioShareTests */ = {
			isa = PBXNativeTarget;
			buildConfigurationList = C2C4DFA71B66470C004690C3 /* Build configuration list for PBXNativeTarget "AudioShareTests" */;
			buildPhases = (
				C2C4DF961B66470C004690C3 /* Sources */,
				C2C4DF971B66470C004690C3 /* Frameworks */,
				C2C4DF981B66470C004690C3 /* Resources */,
			);
			buildRules = (
			);
			dependencies = (
				C2C4DF9C1B66470C004690C3 /* PBXTargetDependency */,
			);
			name = AudioShareTests;
			productName = AudioShareTests;
			productReference = C2C4DF9A1B66470C004690C3 /* AudioShareTests.xctest */;
			productType = "com.apple.product-type.bundle.unit-test";
		};
/* End PBXNativeTarget section */

/* Begin PBXProject section */
		C2C4DF7F1B66470C004690C3 /* Project object */ = {
			isa = PBXProject;
			attributes = {
				LastUpgradeCheck = 0640;
				ORGANIZATIONNAME = DLZ;
				TargetAttributes = {
					C2C4DF861B66470C004690C3 = {
						CreatedOnToolsVersion = 6.4;
					};
					C2C4DF991B66470C004690C3 = {
						CreatedOnToolsVersion = 6.4;
						TestTargetID = C2C4DF861B66470C004690C3;
					};
				};
			};
			buildConfigurationList = C2C4DF821B66470C004690C3 /* Build configuration list for PBXProject "AudioShare" */;
			compatibilityVersion = "Xcode 3.2";
			developmentRegion = English;
			hasScannedForEncodings = 0;
			knownRegions = (
				en,
				Base,
			);
			mainGroup = C2C4DF7E1B66470C004690C3;
			productRefGroup = C2C4DF881B66470C004690C3 /* Products */;
			projectDirPath = "";
			projectRoot = "";
			targets = (
				C2C4DF861B66470C004690C3 /* AudioShare */,
				C2C4DF991B66470C004690C3 /* AudioShareTests */,
			);
		};
/* End PBXProject section */

/* Begin PBXResourcesBuildPhase section */
		C2C4DF851B66470C004690C3 /* Resources */ = {
			isa = PBXResourcesBuildPhase;
			buildActionMask = 2147483647;
			files = (
				C2CCA82A1B672CD700B62775 /* pause_btn.jpg in Resources */,
				C2C4DF951B66470C004690C3 /* LaunchScreen.xib in Resources */,
				C2C4DF921B66470C004690C3 /* Images.xcassets in Resources */,
				C2C4DFC91B6648D3004690C3 /* main_play@2x.png in Resources */,
				C2C4DFCB1B664E14004690C3 /* back@2x.png in Resources */,
				C2CCA8281B672B4800B62775 /* play_btn.jpg in Resources */,
				C2C11FF11B69015100CBA7B5 /* testDemo.aac in Resources */,
				C2C08FB21B6B574E00930A4F /* MJRefresh.bundle in Resources */,
				C2CCA8711B67A2A500B62775 /* DownloadingTableViewCell.xib in Resources */,
				C2C08F721B6B24BD00930A4F /* placeholder.png in Resources */,
				C2CCA8201B6725E700B62775 /* btn_next@2x.png in Resources */,
				C2CCA8141B67121300B62775 /* PlayerViewController.xib in Resources */,
				C2CCA8261B6725E700B62775 /* btn_pre@2x.png in Resources */,
			);
			runOnlyForDeploymentPostprocessing = 0;
		};
		C2C4DF981B66470C004690C3 /* Resources */ = {
			isa = PBXResourcesBuildPhase;
			buildActionMask = 2147483647;
			files = (
			);
			runOnlyForDeploymentPostprocessing = 0;
		};
/* End PBXResourcesBuildPhase section */

/* Begin PBXShellScriptBuildPhase section */
		4BB580FD374EF817298AE2BD /* Copy Pods Resources */ = {
			isa = PBXShellScriptBuildPhase;
			buildActionMask = 2147483647;
			files = (
			);
			inputPaths = (
			);
			name = "Copy Pods Resources";
			outputPaths = (
			);
			runOnlyForDeploymentPostprocessing = 0;
			shellPath = /bin/sh;
			shellScript = "\"${SRCROOT}/Pods/Target Support Files/Pods/Pods-resources.sh\"\n";
			showEnvVarsInLog = 0;
		};
		6D26BA65683F88D2B4EA6117 /* Check Pods Manifest.lock */ = {
			isa = PBXShellScriptBuildPhase;
			buildActionMask = 2147483647;
			files = (
			);
			inputPaths = (
			);
			name = "Check Pods Manifest.lock";
			outputPaths = (
			);
			runOnlyForDeploymentPostprocessing = 0;
			shellPath = /bin/sh;
			shellScript = "diff \"${PODS_ROOT}/../Podfile.lock\" \"${PODS_ROOT}/Manifest.lock\" > /dev/null\nif [[ $? != 0 ]] ; then\n    cat << EOM\nerror: The sandbox is not in sync with the Podfile.lock. Run 'pod install' or update your CocoaPods installation.\nEOM\n    exit 1\nfi\n";
			showEnvVarsInLog = 0;
		};
/* End PBXShellScriptBuildPhase section */

/* Begin PBXSourcesBuildPhase section */
		C2C4DF831B66470C004690C3 /* Sources */ = {
			isa = PBXSourcesBuildPhase;
			buildActionMask = 2147483647;
			files = (
				C2CCA80D1B670B1500B62775 /* HeaderCollectionReusableView.m in Sources */,
				C2CCA8561B676D9800B62775 /* SearchViewController.m in Sources */,
				C2CCA8591B677AC300B62775 /* DownloadViewController.m in Sources */,
				C2C08FA71B6B574E00930A4F /* MJRefreshFooter.m in Sources */,
				C2C4DFC61B6648D3004690C3 /* AudioBookCategoryCollectionViewController.m in Sources */,
				C2CCA85C1B677E3000B62775 /* DownloadView.m in Sources */,
				C2C08FAA1B6B574E00930A4F /* MJRefreshAutoNormalFooter.m in Sources */,
				C2C725F91B69D088005E671F /* TracksListTableViewController.m in Sources */,
				C2C08FA41B6B574E00930A4F /* MJRefreshAutoFooter.m in Sources */,
				C2CCA84F1B676D8700B62775 /* AlbumView.m in Sources */,
				C2C4DFF61B66553E004690C3 /* SDWebImageManager.m in Sources */,
				C2C08F631B6B04CF00930A4F /* RadioProvinceTableViewController.m in Sources */,
				C2C08F581B6B047E00930A4F /* RadioTableViewController.m in Sources */,
				C2CCA8431B676D6C00B62775 /* AudioTableViewCell.m in Sources */,
				C2CCA84E1B676D8700B62775 /* AlbumTableViewController.m in Sources */,
				C2C08FB61B6B574E00930A4F /* UIView+MJExtension.m in Sources */,
				C2C4DFF11B66553E004690C3 /* SDImageCache.m in Sources */,
				C2CCA83B1B675CC000B62775 /* RadioFoxView.m in Sources */,
				C2C08FAE1B6B574E00930A4F /* MJRefreshBackStateFooter.m in Sources */,
				C2C4DFF51B66553E004690C3 /* SDWebImageDownloaderOperation.m in Sources */,
				C2CCA83C1B675CC000B62775 /* RadioTableViewCell.m in Sources */,
				C2CCA8551B676D9800B62775 /* SearchTableViewController.m in Sources */,
				C2C08FA51B6B574E00930A4F /* MJRefreshBackFooter.m in Sources */,
				C2C4DFFE1B66553E004690C3 /* UIView+WebCacheOperation.m in Sources */,
				C2C11FA51B685E9E00CBA7B5 /* SettingTableViewController.m in Sources */,
				C2C4DFB31B6647FD004690C3 /* RootTabBarController.m in Sources */,
				C2C4DFF81B66553E004690C3 /* UIButton+WebCache.m in Sources */,
				C2CCA8131B67121300B62775 /* PlayerViewController.m in Sources */,
				C2C11FA31B685E9E00CBA7B5 /* FoxCollectionTableViewController.m in Sources */,
				C2C08F551B6AFD5200930A4F /* RequestTool_v2.m in Sources */,
				C2C4DFF01B66553E004690C3 /* NSData+ImageContentType.m in Sources */,
				C2C08F611B6B04CF00930A4F /* Radio.m in Sources */,
				C2C725F11B69B307005E671F /* SpecialItem.m in Sources */,
				C2CCA8681B67885000B62775 /* DownloadedAlbumCell.m in Sources */,
				C2C08FA81B6B574E00930A4F /* MJRefreshHeader.m in Sources */,
				C2C4DFF71B66553E004690C3 /* SDWebImagePrefetcher.m in Sources */,
				C2C4DFF41B66553E004690C3 /* SDWebImageDownloader.m in Sources */,
				C2C4E0071B665C20004690C3 /* SuggestionCollectionViewController.m in Sources */,
				C2C08F701B6B227400930A4F /* AudioModel.m in Sources */,
				C2C08FB51B6B574E00930A4F /* UIScrollView+MJRefresh.m in Sources */,
				C2C08FB41B6B574E00930A4F /* UIScrollView+MJExtension.m in Sources */,
				C2C08FAF1B6B574E00930A4F /* MJRefreshGifHeader.m in Sources */,
				C2C4E00B1B666E3A004690C3 /* SubListViewController.m in Sources */,
				C2C4DF901B66470C004690C3 /* AppDelegate.m in Sources */,
				C2C11FA11B685E9E00CBA7B5 /* FoxSettingsTableViewController.m in Sources */,
				C2C4DFFB1B66553E004690C3 /* UIImage+WebP.m in Sources */,
				C2C4DFFD1B66553E004690C3 /* UIImageView+WebCache.m in Sources */,
				C2C11FA61B685E9E00CBA7B5 /* UserTableViewCell.m in Sources */,
				C2C4DFF31B66553E004690C3 /* SDWebImageDecoder.m in Sources */,
				C2CCA8611B67871B00B62775 /* DownloadedTracksCell.m in Sources */,
				C2C08FB01B6B574E00930A4F /* MJRefreshNormalHeader.m in Sources */,
				C2C11FA41B685E9E00CBA7B5 /* FoxPlayTableViewController.m in Sources */,
				C2C08FB11B6B574E00930A4F /* MJRefreshStateHeader.m in Sources */,
				C2CCA8441B676D6C00B62775 /* AudioTableViewController.m in Sources */,
				C2C08FAC1B6B574E00930A4F /* MJRefreshBackGifFooter.m in Sources */,
				C2C08F691B6B207F00930A4F /* AlbumModel.m in Sources */,
				C2CCA84D1B676D8700B62775 /* AlbumTableViewCell.m in Sources */,
				C2C08FB31B6B574E00930A4F /* MJRefreshConst.m in Sources */,
				C2C4DFC51B6648D3004690C3 /* AudioBookCategoryCollectionViewCell.m in Sources */,
				C2C4DFEF1B66553E004690C3 /* MKAnnotationView+WebCache.m in Sources */,
				C2C08FA61B6B574E00930A4F /* MJRefreshComponent.m in Sources */,
				C2CCA8641B67875A00B62775 /* DownloadedTrackViewController.m in Sources */,
				C2C4E0041B665C03004690C3 /* SuggestionCollectionViewCell.m in Sources */,
				C2C4DFF21B66553E004690C3 /* SDWebImageCompat.m in Sources */,
				C2C4DF8D1B66470C004690C3 /* main.m in Sources */,
				C2C08FAD1B6B574E00930A4F /* MJRefreshBackNormalFooter.m in Sources */,
				C2C08FA91B6B574E00930A4F /* MJRefreshAutoGifFooter.m in Sources */,
				C2C08F621B6B04CF00930A4F /* RadioProvince.m in Sources */,
				C2C4DFFA1B66553E004690C3 /* UIImage+MultiFormat.m in Sources */,
				C2C4DFFC1B66553E004690C3 /* UIImageView+HighlightedWebCache.m in Sources */,
				C2CCA8701B67A2A500B62775 /* DownloadingTableViewCell.m in Sources */,
				C2C11FB01B68647900CBA7B5 /* FoxCollectionTableViewCell.m in Sources */,
				C2C08FAB1B6B574E00930A4F /* MJRefreshAutoStateFooter.m in Sources */,
				C2C4DFF91B66553E004690C3 /* UIImage+GIF.m in Sources */,
				C2C08F761B6B28D100930A4F /* AudioCategory.m in Sources */,
				C2C725FC1B69D13D005E671F /* TracksListTableViewCell.m in Sources */,
			);
			runOnlyForDeploymentPostprocessing = 0;
		};
		C2C4DF961B66470C004690C3 /* Sources */ = {
			isa = PBXSourcesBuildPhase;
			buildActionMask = 2147483647;
			files = (
				C2C4DFA11B66470C004690C3 /* AudioShareTests.m in Sources */,
			);
			runOnlyForDeploymentPostprocessing = 0;
		};
/* End PBXSourcesBuildPhase section */

/* Begin PBXTargetDependency section */
		C2C4DF9C1B66470C004690C3 /* PBXTargetDependency */ = {
			isa = PBXTargetDependency;
			target = C2C4DF861B66470C004690C3 /* AudioShare */;
			targetProxy = C2C4DF9B1B66470C004690C3 /* PBXContainerItemProxy */;
		};
/* End PBXTargetDependency section */

/* Begin PBXVariantGroup section */
		C2C4DF931B66470C004690C3 /* LaunchScreen.xib */ = {
			isa = PBXVariantGroup;
			children = (
				C2C4DF941B66470C004690C3 /* Base */,
			);
			name = LaunchScreen.xib;
			sourceTree = "<group>";
		};
/* End PBXVariantGroup section */

/* Begin XCBuildConfiguration section */
		C2C4DFA21B66470C004690C3 /* Debug */ = {
			isa = XCBuildConfiguration;
			buildSettings = {
				ALWAYS_SEARCH_USER_PATHS = NO;
				CLANG_CXX_LANGUAGE_STANDARD = "gnu++0x";
				CLANG_CXX_LIBRARY = "libc++";
				CLANG_ENABLE_MODULES = YES;
				CLANG_ENABLE_OBJC_ARC = YES;
				CLANG_WARN_BOOL_CONVERSION = YES;
				CLANG_WARN_CONSTANT_CONVERSION = YES;
				CLANG_WARN_DIRECT_OBJC_ISA_USAGE = YES_ERROR;
				CLANG_WARN_EMPTY_BODY = YES;
				CLANG_WARN_ENUM_CONVERSION = YES;
				CLANG_WARN_INT_CONVERSION = YES;
				CLANG_WARN_OBJC_ROOT_CLASS = YES_ERROR;
				CLANG_WARN_UNREACHABLE_CODE = YES;
				CLANG_WARN__DUPLICATE_METHOD_MATCH = YES;
				"CODE_SIGN_IDENTITY[sdk=iphoneos*]" = "iPhone Developer";
				COPY_PHASE_STRIP = NO;
				DEBUG_INFORMATION_FORMAT = "dwarf-with-dsym";
				ENABLE_STRICT_OBJC_MSGSEND = YES;
				GCC_C_LANGUAGE_STANDARD = gnu99;
				GCC_DYNAMIC_NO_PIC = NO;
				GCC_NO_COMMON_BLOCKS = YES;
				GCC_OPTIMIZATION_LEVEL = 0;
				GCC_PREPROCESSOR_DEFINITIONS = (
					"DEBUG=1",
					"$(inherited)",
				);
				GCC_SYMBOLS_PRIVATE_EXTERN = NO;
				GCC_WARN_64_TO_32_BIT_CONVERSION = YES;
				GCC_WARN_ABOUT_RETURN_TYPE = YES_ERROR;
				GCC_WARN_UNDECLARED_SELECTOR = YES;
				GCC_WARN_UNINITIALIZED_AUTOS = YES_AGGRESSIVE;
				GCC_WARN_UNUSED_FUNCTION = YES;
				GCC_WARN_UNUSED_VARIABLE = YES;
				IPHONEOS_DEPLOYMENT_TARGET = 8.4;
				MTL_ENABLE_DEBUG_INFO = YES;
				ONLY_ACTIVE_ARCH = YES;
				SDKROOT = iphoneos;
			};
			name = Debug;
		};
		C2C4DFA31B66470C004690C3 /* Release */ = {
			isa = XCBuildConfiguration;
			buildSettings = {
				ALWAYS_SEARCH_USER_PATHS = NO;
				CLANG_CXX_LANGUAGE_STANDARD = "gnu++0x";
				CLANG_CXX_LIBRARY = "libc++";
				CLANG_ENABLE_MODULES = YES;
				CLANG_ENABLE_OBJC_ARC = YES;
				CLANG_WARN_BOOL_CONVERSION = YES;
				CLANG_WARN_CONSTANT_CONVERSION = YES;
				CLANG_WARN_DIRECT_OBJC_ISA_USAGE = YES_ERROR;
				CLANG_WARN_EMPTY_BODY = YES;
				CLANG_WARN_ENUM_CONVERSION = YES;
				CLANG_WARN_INT_CONVERSION = YES;
				CLANG_WARN_OBJC_ROOT_CLASS = YES_ERROR;
				CLANG_WARN_UNREACHABLE_CODE = YES;
				CLANG_WARN__DUPLICATE_METHOD_MATCH = YES;
				"CODE_SIGN_IDENTITY[sdk=iphoneos*]" = "iPhone Developer";
				COPY_PHASE_STRIP = NO;
				DEBUG_INFORMATION_FORMAT = "dwarf-with-dsym";
				ENABLE_NS_ASSERTIONS = NO;
				ENABLE_STRICT_OBJC_MSGSEND = YES;
				GCC_C_LANGUAGE_STANDARD = gnu99;
				GCC_NO_COMMON_BLOCKS = YES;
				GCC_WARN_64_TO_32_BIT_CONVERSION = YES;
				GCC_WARN_ABOUT_RETURN_TYPE = YES_ERROR;
				GCC_WARN_UNDECLARED_SELECTOR = YES;
				GCC_WARN_UNINITIALIZED_AUTOS = YES_AGGRESSIVE;
				GCC_WARN_UNUSED_FUNCTION = YES;
				GCC_WARN_UNUSED_VARIABLE = YES;
				IPHONEOS_DEPLOYMENT_TARGET = 8.4;
				MTL_ENABLE_DEBUG_INFO = NO;
				SDKROOT = iphoneos;
				VALIDATE_PRODUCT = YES;
			};
			name = Release;
		};
		C2C4DFA51B66470C004690C3 /* Debug */ = {
			isa = XCBuildConfiguration;
			baseConfigurationReference = C6A94C1A0DFE68E442863781 /* Pods.debug.xcconfig */;
			buildSettings = {
				ASSETCATALOG_COMPILER_APPICON_NAME = AppIcon;
				GCC_PRECOMPILE_PREFIX_HEADER = YES;
				GCC_PREFIX_HEADER = "AudioShare/AudioShare-Prefix.pch";
				INFOPLIST_FILE = AudioShare/Info.plist;
				IPHONEOS_DEPLOYMENT_TARGET = 7.0;
				LD_RUNPATH_SEARCH_PATHS = "$(inherited) @executable_path/Frameworks";
				PRODUCT_NAME = "$(TARGET_NAME)";
			};
			name = Debug;
		};
		C2C4DFA61B66470C004690C3 /* Release */ = {
			isa = XCBuildConfiguration;
			baseConfigurationReference = 1E4E816DCCC72B128588F1C9 /* Pods.release.xcconfig */;
			buildSettings = {
				ASSETCATALOG_COMPILER_APPICON_NAME = AppIcon;
				GCC_PRECOMPILE_PREFIX_HEADER = YES;
				GCC_PREFIX_HEADER = "AudioShare/AudioShare-Prefix.pch";
				INFOPLIST_FILE = AudioShare/Info.plist;
				IPHONEOS_DEPLOYMENT_TARGET = 7.0;
				LD_RUNPATH_SEARCH_PATHS = "$(inherited) @executable_path/Frameworks";
				PRODUCT_NAME = "$(TARGET_NAME)";
			};
			name = Release;
		};
		C2C4DFA81B66470C004690C3 /* Debug */ = {
			isa = XCBuildConfiguration;
			buildSettings = {
				BUNDLE_LOADER = "$(TEST_HOST)";
				FRAMEWORK_SEARCH_PATHS = (
					"$(SDKROOT)/Developer/Library/Frameworks",
					"$(inherited)",
				);
				GCC_PREPROCESSOR_DEFINITIONS = (
					"DEBUG=1",
					"$(inherited)",
				);
				INFOPLIST_FILE = AudioShareTests/Info.plist;
				LD_RUNPATH_SEARCH_PATHS = "$(inherited) @executable_path/Frameworks @loader_path/Frameworks";
				PRODUCT_NAME = "$(TARGET_NAME)";
				TEST_HOST = "$(BUILT_PRODUCTS_DIR)/AudioShare.app/AudioShare";
			};
			name = Debug;
		};
		C2C4DFA91B66470C004690C3 /* Release */ = {
			isa = XCBuildConfiguration;
			buildSettings = {
				BUNDLE_LOADER = "$(TEST_HOST)";
				FRAMEWORK_SEARCH_PATHS = (
					"$(SDKROOT)/Developer/Library/Frameworks",
					"$(inherited)",
				);
				INFOPLIST_FILE = AudioShareTests/Info.plist;
				LD_RUNPATH_SEARCH_PATHS = "$(inherited) @executable_path/Frameworks @loader_path/Frameworks";
				PRODUCT_NAME = "$(TARGET_NAME)";
				TEST_HOST = "$(BUILT_PRODUCTS_DIR)/AudioShare.app/AudioShare";
			};
			name = Release;
		};
/* End XCBuildConfiguration section */

/* Begin XCConfigurationList section */
		C2C4DF821B66470C004690C3 /* Build configuration list for PBXProject "AudioShare" */ = {
			isa = XCConfigurationList;
			buildConfigurations = (
				C2C4DFA21B66470C004690C3 /* Debug */,
				C2C4DFA31B66470C004690C3 /* Release */,
			);
			defaultConfigurationIsVisible = 0;
			defaultConfigurationName = Release;
		};
		C2C4DFA41B66470C004690C3 /* Build configuration list for PBXNativeTarget "AudioShare" */ = {
			isa = XCConfigurationList;
			buildConfigurations = (
				C2C4DFA51B66470C004690C3 /* Debug */,
				C2C4DFA61B66470C004690C3 /* Release */,
			);
			defaultConfigurationIsVisible = 0;
			defaultConfigurationName = Release;
		};
		C2C4DFA71B66470C004690C3 /* Build configuration list for PBXNativeTarget "AudioShareTests" */ = {
			isa = XCConfigurationList;
			buildConfigurations = (
				C2C4DFA81B66470C004690C3 /* Debug */,
				C2C4DFA91B66470C004690C3 /* Release */,
			);
			defaultConfigurationIsVisible = 0;
			defaultConfigurationName = Release;
		};
/* End XCConfigurationList section */
	};
	rootObject = C2C4DF7F1B66470C004690C3 /* Project object */;
}
